<?xml version="1.0" encoding="utf-8"?>
<Project ToolsVersion="4.0" xmlns="http://schemas.microsoft.com/developer/msbuild/2003">
  <ItemGroup>
    <ClCompile Include="..\..\src\main.cpp" />
    <ClCompile Include="..\..\src\Game\Game.cpp">
      <Filter>Game</Filter>
    </ClCompile>
    <ClCompile Include="..\..\src\System\Window.cpp">
      <Filter>System</Filter>
    </ClCompile>
    <ClCompile Include="..\..\src\System\Clock.cpp">
      <Filter>System</Filter>
    </ClCompile>
    <ClCompile Include="..\..\src\pch.cpp" />
    <ClCompile Include="..\..\src\Graphics\Graphics.cpp">
      <Filter>Graphics</Filter>
    </ClCompile>
    <ClCompile Include="..\..\src\System\Events.cpp">
      <Filter>System</Filter>
    </ClCompile>
  </ItemGroup>
  <ItemGroup>
    <ClInclude Include="..\..\src\Game\Game.h">
      <Filter>Game</Filter>
    </ClInclude>
    <ClInclude Include="..\..\src\Graphics\OpenGL.h">
      <Filter>Graphics</Filter>
    </ClInclude>
    <ClInclude Include="..\..\src\System\Window.h">
      <Filter>System</Filter>
    </ClInclude>
    <ClInclude Include="..\..\src\System\Clock.h">
      <Filter>System</Filter>
    </ClInclude>
    <ClInclude Include="..\..\src\pch.h" />
    <ClInclude Include="..\..\src\Graphics\Graphics.h">
      <Filter>Graphics</Filter>
    </ClInclude>
    <ClInclude Include="..\..\src\System\Event.h">
      <Filter>System</Filter>
    </ClInclude>
    <ClInclude Include="..\..\src\System\Events.h">
      <Filter>System</Filter>
    </ClInclude>
  </ItemGroup>
  <ItemGroup>
    <Filter Include="Game">
      <UniqueIdentifier>{5ef1ed07-7cf3-4691-9f29-6324677ba52a}</UniqueIdentifier>
    </Filter>
    <Filter Include="Graphics">
      <UniqueIdentifier>{128d71f1-d7bb-4326-b41d-4c9e07f3122c}</UniqueIdentifier>
    </Filter>
    <Filter Include="System">
      <UniqueIdentifier>{9dc81757-fab3-4301-b8ad-94403372f5ae}</UniqueIdentifier>
    </Filter>
  </ItemGroup>
</Project>