// !$*UTF8*$!
{
	archiveVersion = 1;
	classes = {
	};
	objectVersion = 46;
	objects = {

/* Begin PBXBuildFile section */
		D231FB0716EAA049003FCBAF /* UIKit.framework in Frameworks */ = {isa = PBXBuildFile; fileRef = D231FB0616EAA049003FCBAF /* UIKit.framework */; };
		D231FB0916EAA049003FCBAF /* Foundation.framework in Frameworks */ = {isa = PBXBuildFile; fileRef = D231FB0816EAA049003FCBAF /* Foundation.framework */; };
		D231FB0B16EAA049003FCBAF /* CoreGraphics.framework in Frameworks */ = {isa = PBXBuildFile; fileRef = D231FB0A16EAA049003FCBAF /* CoreGraphics.framework */; };
		D231FB1116EAA049003FCBAF /* InfoPlist.strings in Resources */ = {isa = PBXBuildFile; fileRef = D231FB0F16EAA049003FCBAF /* InfoPlist.strings */; };
		D231FB1E16EAA0DE003FCBAF /* OpenGLES.framework in Frameworks */ = {isa = PBXBuildFile; fileRef = D231FB1D16EAA0DE003FCBAF /* OpenGLES.framework */; };
		D231FB5616EAA704003FCBAF /* QuartzCore.framework in Frameworks */ = {isa = PBXBuildFile; fileRef = D231FB5516EAA704003FCBAF /* QuartzCore.framework */; };
		D29C992216EFBF050012981B /* libz.dylib in Frameworks */ = {isa = PBXBuildFile; fileRef = D29C992116EFBF050012981B /* libz.dylib */; };
		D29C992716EFC0250012981B /* UnixImageIO.framework in Frameworks */ = {isa = PBXBuildFile; fileRef = D29C992616EFC0250012981B /* UnixImageIO.framework */; };
		D2BE31CE1702289400667DD8 /* Game.cpp in Sources */ = {isa = PBXBuildFile; fileRef = D2BE31AD1702289400667DD8 /* Game.cpp */; };
		D2BE31CF1702289400667DD8 /* Graphics.cpp in Sources */ = {isa = PBXBuildFile; fileRef = D2BE31B01702289400667DD8 /* Graphics.cpp */; };
		D2BE31D01702289400667DD8 /* Shader.cpp in Sources */ = {isa = PBXBuildFile; fileRef = D2BE31B31702289400667DD8 /* Shader.cpp */; };
		D2BE31D11702289400667DD8 /* Sprite.cpp in Sources */ = {isa = PBXBuildFile; fileRef = D2BE31B61702289400667DD8 /* Sprite.cpp */; };
		D2BE31D21702289400667DD8 /* SpriteBatch.cpp in Sources */ = {isa = PBXBuildFile; fileRef = D2BE31B81702289400667DD8 /* SpriteBatch.cpp */; };
		D2BE31D31702289400667DD8 /* Texture.cpp in Sources */ = {isa = PBXBuildFile; fileRef = D2BE31BA1702289400667DD8 /* Texture.cpp */; };
		D2BE31D41702289400667DD8 /* VBO.cpp in Sources */ = {isa = PBXBuildFile; fileRef = D2BE31BC1702289400667DD8 /* VBO.cpp */; };
		D2BE31D51702289400667DD8 /* Vertex.cpp in Sources */ = {isa = PBXBuildFile; fileRef = D2BE31BE1702289400667DD8 /* Vertex.cpp */; };
		D2BE31D61702289400667DD8 /* ios.mm in Sources */ = {isa = PBXBuildFile; fileRef = D2BE31C01702289400667DD8 /* ios.mm */; };
		D2BE31D71702289400667DD8 /* main.cpp in Sources */ = {isa = PBXBuildFile; fileRef = D2BE31C11702289400667DD8 /* main.cpp */; };
		D2BE31D81702289400667DD8 /* pch.cpp in Sources */ = {isa = PBXBuildFile; fileRef = D2BE31C21702289400667DD8 /* pch.cpp */; };
		D2BE31D91702289400667DD8 /* Clock.cpp in Sources */ = {isa = PBXBuildFile; fileRef = D2BE31C51702289400667DD8 /* Clock.cpp */; };
		D2BE31DA1702289400667DD8 /* Events.cpp in Sources */ = {isa = PBXBuildFile; fileRef = D2BE31C81702289400667DD8 /* Events.cpp */; };
		D2BE31DB1702289400667DD8 /* Keyboard.cpp in Sources */ = {isa = PBXBuildFile; fileRef = D2BE31CA1702289400667DD8 /* Keyboard.cpp */; };
		D2BE31DC1702289400667DD8 /* Window.cpp in Sources */ = {isa = PBXBuildFile; fileRef = D2BE31CC1702289400667DD8 /* Window.cpp */; };
		D2DD176716ED3E48000A7482 /* data in Resources */ = {isa = PBXBuildFile; fileRef = D2DD176616ED3E48000A7482 /* data */; };
/* End PBXBuildFile section */

/* Begin PBXFileReference section */
		D231FB0216EAA049003FCBAF /* G13.app */ = {isa = PBXFileReference; explicitFileType = wrapper.application; includeInIndex = 0; path = G13.app; sourceTree = BUILT_PRODUCTS_DIR; };
		D231FB0616EAA049003FCBAF /* UIKit.framework */ = {isa = PBXFileReference; lastKnownFileType = wrapper.framework; name = UIKit.framework; path = System/Library/Frameworks/UIKit.framework; sourceTree = SDKROOT; };
		D231FB0816EAA049003FCBAF /* Foundation.framework */ = {isa = PBXFileReference; lastKnownFileType = wrapper.framework; name = Foundation.framework; path = System/Library/Frameworks/Foundation.framework; sourceTree = SDKROOT; };
		D231FB0A16EAA049003FCBAF /* CoreGraphics.framework */ = {isa = PBXFileReference; lastKnownFileType = wrapper.framework; name = CoreGraphics.framework; path = System/Library/Frameworks/CoreGraphics.framework; sourceTree = SDKROOT; };
		D231FB0E16EAA049003FCBAF /* G13-Info.plist */ = {isa = PBXFileReference; lastKnownFileType = text.plist.xml; path = "G13-Info.plist"; sourceTree = "<group>"; };
		D231FB1016EAA049003FCBAF /* en */ = {isa = PBXFileReference; lastKnownFileType = text.plist.strings; name = en; path = en.lproj/InfoPlist.strings; sourceTree = "<group>"; };
		D231FB1D16EAA0DE003FCBAF /* OpenGLES.framework */ = {isa = PBXFileReference; lastKnownFileType = wrapper.framework; name = OpenGLES.framework; path = System/Library/Frameworks/OpenGLES.framework; sourceTree = SDKROOT; };
		D231FB5516EAA704003FCBAF /* QuartzCore.framework */ = {isa = PBXFileReference; lastKnownFileType = wrapper.framework; name = QuartzCore.framework; path = System/Library/Frameworks/QuartzCore.framework; sourceTree = SDKROOT; };
		D29C992116EFBF050012981B /* libz.dylib */ = {isa = PBXFileReference; lastKnownFileType = "compiled.mach-o.dylib"; name = libz.dylib; path = usr/lib/libz.dylib; sourceTree = SDKROOT; };
		D29C992616EFC0250012981B /* UnixImageIO.framework */ = {isa = PBXFileReference; lastKnownFileType = wrapper.framework; name = UnixImageIO.framework; path = /Library/Frameworks/UnixImageIO.framework; sourceTree = "<absolute>"; };
		D2BE31AD1702289400667DD8 /* Game.cpp */ = {isa = PBXFileReference; fileEncoding = 4; lastKnownFileType = sourcecode.cpp.cpp; path = Game.cpp; sourceTree = "<group>"; };
		D2BE31AE1702289400667DD8 /* Game.h */ = {isa = PBXFileReference; fileEncoding = 4; lastKnownFileType = sourcecode.c.h; path = Game.h; sourceTree = "<group>"; };
		D2BE31B01702289400667DD8 /* Graphics.cpp */ = {isa = PBXFileReference; fileEncoding = 4; lastKnownFileType = sourcecode.cpp.cpp; path = Graphics.cpp; sourceTree = "<group>"; };
		D2BE31B11702289400667DD8 /* Graphics.h */ = {isa = PBXFileReference; fileEncoding = 4; lastKnownFileType = sourcecode.c.h; path = Graphics.h; sourceTree = "<group>"; };
		D2BE31B21702289400667DD8 /* OpenGL.h */ = {isa = PBXFileReference; fileEncoding = 4; lastKnownFileType = sourcecode.c.h; path = OpenGL.h; sourceTree = "<group>"; };
		D2BE31B31702289400667DD8 /* Shader.cpp */ = {isa = PBXFileReference; fileEncoding = 4; lastKnownFileType = sourcecode.cpp.cpp; path = Shader.cpp; sourceTree = "<group>"; };
		D2BE31B41702289400667DD8 /* Shader.h */ = {isa = PBXFileReference; fileEncoding = 4; lastKnownFileType = sourcecode.c.h; path = Shader.h; sourceTree = "<group>"; };
		D2BE31B51702289400667DD8 /* shaders.h */ = {isa = PBXFileReference; fileEncoding = 4; lastKnownFileType = sourcecode.c.h; path = shaders.h; sourceTree = "<group>"; };
		D2BE31B61702289400667DD8 /* Sprite.cpp */ = {isa = PBXFileReference; fileEncoding = 4; lastKnownFileType = sourcecode.cpp.cpp; path = Sprite.cpp; sourceTree = "<group>"; };
		D2BE31B71702289400667DD8 /* Sprite.h */ = {isa = PBXFileReference; fileEncoding = 4; lastKnownFileType = sourcecode.c.h; path = Sprite.h; sourceTree = "<group>"; };
		D2BE31B81702289400667DD8 /* SpriteBatch.cpp */ = {isa = PBXFileReference; fileEncoding = 4; lastKnownFileType = sourcecode.cpp.cpp; path = SpriteBatch.cpp; sourceTree = "<group>"; };
		D2BE31B91702289400667DD8 /* SpriteBatch.h */ = {isa = PBXFileReference; fileEncoding = 4; lastKnownFileType = sourcecode.c.h; path = SpriteBatch.h; sourceTree = "<group>"; };
		D2BE31BA1702289400667DD8 /* Texture.cpp */ = {isa = PBXFileReference; fileEncoding = 4; lastKnownFileType = sourcecode.cpp.cpp; path = Texture.cpp; sourceTree = "<group>"; };
		D2BE31BB1702289400667DD8 /* Texture.h */ = {isa = PBXFileReference; fileEncoding = 4; lastKnownFileType = sourcecode.c.h; path = Texture.h; sourceTree = "<group>"; };
		D2BE31BC1702289400667DD8 /* VBO.cpp */ = {isa = PBXFileReference; fileEncoding = 4; lastKnownFileType = sourcecode.cpp.cpp; path = VBO.cpp; sourceTree = "<group>"; };
		D2BE31BD1702289400667DD8 /* VBO.h */ = {isa = PBXFileReference; fileEncoding = 4; lastKnownFileType = sourcecode.c.h; path = VBO.h; sourceTree = "<group>"; };
		D2BE31BE1702289400667DD8 /* Vertex.cpp */ = {isa = PBXFileReference; fileEncoding = 4; lastKnownFileType = sourcecode.cpp.cpp; path = Vertex.cpp; sourceTree = "<group>"; };
		D2BE31BF1702289400667DD8 /* Vertex.h */ = {isa = PBXFileReference; fileEncoding = 4; lastKnownFileType = sourcecode.c.h; path = Vertex.h; sourceTree = "<group>"; };
		D2BE31C01702289400667DD8 /* ios.mm */ = {isa = PBXFileReference; fileEncoding = 4; lastKnownFileType = sourcecode.cpp.objcpp; path = ios.mm; sourceTree = "<group>"; };
		D2BE31C11702289400667DD8 /* main.cpp */ = {isa = PBXFileReference; fileEncoding = 4; lastKnownFileType = sourcecode.cpp.cpp; path = main.cpp; sourceTree = "<group>"; };
		D2BE31C21702289400667DD8 /* pch.cpp */ = {isa = PBXFileReference; fileEncoding = 4; lastKnownFileType = sourcecode.cpp.cpp; path = pch.cpp; sourceTree = "<group>"; };
		D2BE31C31702289400667DD8 /* pch.h */ = {isa = PBXFileReference; fileEncoding = 4; lastKnownFileType = sourcecode.c.h; path = pch.h; sourceTree = "<group>"; };
		D2BE31C51702289400667DD8 /* Clock.cpp */ = {isa = PBXFileReference; fileEncoding = 4; lastKnownFileType = sourcecode.cpp.cpp; path = Clock.cpp; sourceTree = "<group>"; };
		D2BE31C61702289400667DD8 /* Clock.h */ = {isa = PBXFileReference; fileEncoding = 4; lastKnownFileType = sourcecode.c.h; path = Clock.h; sourceTree = "<group>"; };
		D2BE31C71702289400667DD8 /* Event.h */ = {isa = PBXFileReference; fileEncoding = 4; lastKnownFileType = sourcecode.c.h; path = Event.h; sourceTree = "<group>"; };
		D2BE31C81702289400667DD8 /* Events.cpp */ = {isa = PBXFileReference; fileEncoding = 4; lastKnownFileType = sourcecode.cpp.cpp; path = Events.cpp; sourceTree = "<group>"; };
		D2BE31C91702289400667DD8 /* Events.h */ = {isa = PBXFileReference; fileEncoding = 4; lastKnownFileType = sourcecode.c.h; path = Events.h; sourceTree = "<group>"; };
		D2BE31CA1702289400667DD8 /* Keyboard.cpp */ = {isa = PBXFileReference; fileEncoding = 4; lastKnownFileType = sourcecode.cpp.cpp; path = Keyboard.cpp; sourceTree = "<group>"; };
		D2BE31CB1702289400667DD8 /* Keyboard.h */ = {isa = PBXFileReference; fileEncoding = 4; lastKnownFileType = sourcecode.c.h; path = Keyboard.h; sourceTree = "<group>"; };
		D2BE31CC1702289400667DD8 /* Window.cpp */ = {isa = PBXFileReference; fileEncoding = 4; lastKnownFileType = sourcecode.cpp.cpp; path = Window.cpp; sourceTree = "<group>"; };
		D2BE31CD1702289400667DD8 /* Window.h */ = {isa = PBXFileReference; fileEncoding = 4; lastKnownFileType = sourcecode.c.h; path = Window.h; sourceTree = "<group>"; };
		D2DD176616ED3E48000A7482 /* data */ = {isa = PBXFileReference; lastKnownFileType = folder; name = data; path = ../../../data; sourceTree = "<group>"; };
/* End PBXFileReference section */

/* Begin PBXFrameworksBuildPhase section */
		D231FAFF16EAA049003FCBAF /* Frameworks */ = {
			isa = PBXFrameworksBuildPhase;
			buildActionMask = 2147483647;
			files = (
				D29C992716EFC0250012981B /* UnixImageIO.framework in Frameworks */,
				D29C992216EFBF050012981B /* libz.dylib in Frameworks */,
				D231FB5616EAA704003FCBAF /* QuartzCore.framework in Frameworks */,
				D231FB1E16EAA0DE003FCBAF /* OpenGLES.framework in Frameworks */,
				D231FB0716EAA049003FCBAF /* UIKit.framework in Frameworks */,
				D231FB0916EAA049003FCBAF /* Foundation.framework in Frameworks */,
				D231FB0B16EAA049003FCBAF /* CoreGraphics.framework in Frameworks */,
			);
			runOnlyForDeploymentPostprocessing = 0;
		};
/* End PBXFrameworksBuildPhase section */

/* Begin PBXGroup section */
		D231FAF716EAA049003FCBAF = {
			isa = PBXGroup;
			children = (
				D231FB0C16EAA049003FCBAF /* G13 */,
				D231FB0516EAA049003FCBAF /* Frameworks */,
				D231FB0316EAA049003FCBAF /* Products */,
			);
			sourceTree = "<group>";
		};
		D231FB0316EAA049003FCBAF /* Products */ = {
			isa = PBXGroup;
			children = (
				D231FB0216EAA049003FCBAF /* G13.app */,
			);
			name = Products;
			sourceTree = "<group>";
		};
		D231FB0516EAA049003FCBAF /* Frameworks */ = {
			isa = PBXGroup;
			children = (
				D29C992116EFBF050012981B /* libz.dylib */,
				D29C992616EFC0250012981B /* UnixImageIO.framework */,
				D231FB5516EAA704003FCBAF /* QuartzCore.framework */,
				D231FB1D16EAA0DE003FCBAF /* OpenGLES.framework */,
				D231FB0616EAA049003FCBAF /* UIKit.framework */,
				D231FB0816EAA049003FCBAF /* Foundation.framework */,
				D231FB0A16EAA049003FCBAF /* CoreGraphics.framework */,
			);
			name = Frameworks;
			sourceTree = "<group>";
		};
		D231FB0C16EAA049003FCBAF /* G13 */ = {
			isa = PBXGroup;
			children = (
				D2BE31AB1702289400667DD8 /* src */,
				D2DD176616ED3E48000A7482 /* data */,
				D231FB0D16EAA049003FCBAF /* Supporting Files */,
			);
			path = G13;
			sourceTree = "<group>";
		};
		D231FB0D16EAA049003FCBAF /* Supporting Files */ = {
			isa = PBXGroup;
			children = (
				D231FB0E16EAA049003FCBAF /* G13-Info.plist */,
				D231FB0F16EAA049003FCBAF /* InfoPlist.strings */,
			);
			name = "Supporting Files";
			sourceTree = "<group>";
		};
		D2BE31AB1702289400667DD8 /* src */ = {
			isa = PBXGroup;
			children = (
				D2BE31AC1702289400667DD8 /* Game */,
				D2BE31AF1702289400667DD8 /* Graphics */,
				D2BE31C01702289400667DD8 /* ios.mm */,
				D2BE31C11702289400667DD8 /* main.cpp */,
				D2BE31C21702289400667DD8 /* pch.cpp */,
				D2BE31C31702289400667DD8 /* pch.h */,
				D2BE31C41702289400667DD8 /* System */,
			);
			name = src;
			path = ../../../src;
			sourceTree = "<group>";
		};
		D2BE31AC1702289400667DD8 /* Game */ = {
			isa = PBXGroup;
			children = (
				D2BE31AD1702289400667DD8 /* Game.cpp */,
				D2BE31AE1702289400667DD8 /* Game.h */,
			);
			path = Game;
			sourceTree = "<group>";
		};
		D2BE31AF1702289400667DD8 /* Graphics */ = {
			isa = PBXGroup;
			children = (
				D2BE31B01702289400667DD8 /* Graphics.cpp */,
				D2BE31B11702289400667DD8 /* Graphics.h */,
				D2BE31B21702289400667DD8 /* OpenGL.h */,
				D2BE31B31702289400667DD8 /* Shader.cpp */,
				D2BE31B41702289400667DD8 /* Shader.h */,
				D2BE31B51702289400667DD8 /* shaders.h */,
				D2BE31B61702289400667DD8 /* Sprite.cpp */,
				D2BE31B71702289400667DD8 /* Sprite.h */,
				D2BE31B81702289400667DD8 /* SpriteBatch.cpp */,
				D2BE31B91702289400667DD8 /* SpriteBatch.h */,
				D2BE31BA1702289400667DD8 /* Texture.cpp */,
				D2BE31BB1702289400667DD8 /* Texture.h */,
				D2BE31BC1702289400667DD8 /* VBO.cpp */,
				D2BE31BD1702289400667DD8 /* VBO.h */,
				D2BE31BE1702289400667DD8 /* Vertex.cpp */,
				D2BE31BF1702289400667DD8 /* Vertex.h */,
			);
			path = Graphics;
			sourceTree = "<group>";
		};
		D2BE31C41702289400667DD8 /* System */ = {
			isa = PBXGroup;
			children = (
				D2BE31C51702289400667DD8 /* Clock.cpp */,
				D2BE31C61702289400667DD8 /* Clock.h */,
				D2BE31C71702289400667DD8 /* Event.h */,
				D2BE31C81702289400667DD8 /* Events.cpp */,
				D2BE31C91702289400667DD8 /* Events.h */,
				D2BE31CA1702289400667DD8 /* Keyboard.cpp */,
				D2BE31CB1702289400667DD8 /* Keyboard.h */,
				D2BE31CC1702289400667DD8 /* Window.cpp */,
				D2BE31CD1702289400667DD8 /* Window.h */,
			);
			path = System;
			sourceTree = "<group>";
		};
/* End PBXGroup section */

/* Begin PBXNativeTarget section */
		D231FB0116EAA049003FCBAF /* G13 */ = {
			isa = PBXNativeTarget;
			buildConfigurationList = D231FB1A16EAA049003FCBAF /* Build configuration list for PBXNativeTarget "G13" */;
			buildPhases = (
				D231FAFE16EAA049003FCBAF /* Sources */,
				D231FAFF16EAA049003FCBAF /* Frameworks */,
				D231FB0016EAA049003FCBAF /* Resources */,
			);
			buildRules = (
			);
			dependencies = (
			);
			name = G13;
			productName = G13;
			productReference = D231FB0216EAA049003FCBAF /* G13.app */;
			productType = "com.apple.product-type.application";
		};
/* End PBXNativeTarget section */

/* Begin PBXProject section */
		D231FAF916EAA049003FCBAF /* Project object */ = {
			isa = PBXProject;
			attributes = {
				LastUpgradeCheck = 0440;
				ORGANIZATIONNAME = "Perro Azul";
			};
			buildConfigurationList = D231FAFC16EAA049003FCBAF /* Build configuration list for PBXProject "G13" */;
			compatibilityVersion = "Xcode 3.2";
			developmentRegion = English;
			hasScannedForEncodings = 0;
			knownRegions = (
				en,
			);
			mainGroup = D231FAF716EAA049003FCBAF;
			productRefGroup = D231FB0316EAA049003FCBAF /* Products */;
			projectDirPath = "";
			projectRoot = "";
			targets = (
				D231FB0116EAA049003FCBAF /* G13 */,
			);
		};
/* End PBXProject section */

/* Begin PBXResourcesBuildPhase section */
		D231FB0016EAA049003FCBAF /* Resources */ = {
			isa = PBXResourcesBuildPhase;
			buildActionMask = 2147483647;
			files = (
				D231FB1116EAA049003FCBAF /* InfoPlist.strings in Resources */,
				D2DD176716ED3E48000A7482 /* data in Resources */,
			);
			runOnlyForDeploymentPostprocessing = 0;
		};
/* End PBXResourcesBuildPhase section */

/* Begin PBXSourcesBuildPhase section */
		D231FAFE16EAA049003FCBAF /* Sources */ = {
			isa = PBXSourcesBuildPhase;
			buildActionMask = 2147483647;
			files = (
				D2BE31CE1702289400667DD8 /* Game.cpp in Sources */,
				D2BE31CF1702289400667DD8 /* Graphics.cpp in Sources */,
				D2BE31D01702289400667DD8 /* Shader.cpp in Sources */,
				D2BE31D11702289400667DD8 /* Sprite.cpp in Sources */,
				D2BE31D21702289400667DD8 /* SpriteBatch.cpp in Sources */,
				D2BE31D31702289400667DD8 /* Texture.cpp in Sources */,
				D2BE31D41702289400667DD8 /* VBO.cpp in Sources */,
				D2BE31D51702289400667DD8 /* Vertex.cpp in Sources */,
				D2BE31D61702289400667DD8 /* ios.mm in Sources */,
				D2BE31D71702289400667DD8 /* main.cpp in Sources */,
				D2BE31D81702289400667DD8 /* pch.cpp in Sources */,
				D2BE31D91702289400667DD8 /* Clock.cpp in Sources */,
				D2BE31DA1702289400667DD8 /* Events.cpp in Sources */,
				D2BE31DB1702289400667DD8 /* Keyboard.cpp in Sources */,
				D2BE31DC1702289400667DD8 /* Window.cpp in Sources */,
			);
			runOnlyForDeploymentPostprocessing = 0;
		};
/* End PBXSourcesBuildPhase section */

/* Begin PBXVariantGroup section */
		D231FB0F16EAA049003FCBAF /* InfoPlist.strings */ = {
			isa = PBXVariantGroup;
			children = (
				D231FB1016EAA049003FCBAF /* en */,
			);
			name = InfoPlist.strings;
			sourceTree = "<group>";
		};
/* End PBXVariantGroup section */

/* Begin XCBuildConfiguration section */
		D231FB1816EAA049003FCBAF /* Debug */ = {
			isa = XCBuildConfiguration;
			buildSettings = {
				ALWAYS_SEARCH_USER_PATHS = NO;
				ARCHS = "$(ARCHS_STANDARD_32_BIT)";
				CLANG_CXX_LANGUAGE_STANDARD = "gnu++0x";
				CLANG_WARN__DUPLICATE_METHOD_MATCH = YES;
				"CODE_SIGN_IDENTITY[sdk=iphoneos*]" = "iPhone Developer";
				COPY_PHASE_STRIP = NO;
				GCC_C_LANGUAGE_STANDARD = gnu99;
				GCC_DYNAMIC_NO_PIC = NO;
				GCC_OPTIMIZATION_LEVEL = 0;
				GCC_PREPROCESSOR_DEFINITIONS = (
					"DEBUG=1",
					"$(inherited)",
				);
				GCC_SYMBOLS_PRIVATE_EXTERN = NO;
				GCC_VERSION = com.apple.compilers.llvm.clang.1_0;
				GCC_WARN_ABOUT_RETURN_TYPE = YES;
				GCC_WARN_UNINITIALIZED_AUTOS = YES;
				GCC_WARN_UNUSED_VARIABLE = YES;
				IPHONEOS_DEPLOYMENT_TARGET = 5.1;
				SDKROOT = iphoneos;
			};
			name = Debug;
		};
		D231FB1916EAA049003FCBAF /* Release */ = {
			isa = XCBuildConfiguration;
			buildSettings = {
				ALWAYS_SEARCH_USER_PATHS = NO;
				ARCHS = "$(ARCHS_STANDARD_32_BIT)";
				CLANG_CXX_LANGUAGE_STANDARD = "gnu++0x";
				CLANG_WARN__DUPLICATE_METHOD_MATCH = YES;
				"CODE_SIGN_IDENTITY[sdk=iphoneos*]" = "iPhone Developer";
				COPY_PHASE_STRIP = YES;
				GCC_C_LANGUAGE_STANDARD = gnu99;
				GCC_VERSION = com.apple.compilers.llvm.clang.1_0;
				GCC_WARN_ABOUT_RETURN_TYPE = YES;
				GCC_WARN_UNINITIALIZED_AUTOS = YES;
				GCC_WARN_UNUSED_VARIABLE = YES;
				IPHONEOS_DEPLOYMENT_TARGET = 5.1;
				OTHER_CFLAGS = "-DNS_BLOCK_ASSERTIONS=1";
				SDKROOT = iphoneos;
				VALIDATE_PRODUCT = YES;
			};
			name = Release;
		};
		D231FB1B16EAA049003FCBAF /* Debug */ = {
			isa = XCBuildConfiguration;
			buildSettings = {
				"CODE_SIGN_IDENTITY[sdk=iphoneos*]" = "iPhone Developer";
				COMPRESS_PNG_FILES = NO;
				CONFIGURATION_BUILD_DIR = "$(BUILD_DIR)";
				CONFIGURATION_TEMP_DIR = "$(BUILD_DIR)/$(CONFIGURATION)";
				FRAMEWORK_SEARCH_PATHS = /Library/Frameworks;
				GCC_PRECOMPILE_PREFIX_HEADER = YES;
				GCC_PREFIX_HEADER = ../../src/pch.h;
				GCC_PREPROCESSOR_DEFINITIONS = IPHONE;
				GCC_VERSION = "";
				HEADER_SEARCH_PATHS = (
					../../src,
					../../dep/include,
				);
				INFOPLIST_FILE = "G13/G13-Info.plist";
				IPHONEOS_DEPLOYMENT_TARGET = 5.1;
				LIBRARY_SEARCH_PATHS = (
					"$(inherited)",
					/usr/local/Cellar/libpng/1.5.13/lib,
				);
				PRODUCT_NAME = "$(TARGET_NAME)";
				"PROVISIONING_PROFILE[sdk=iphoneos*]" = "";
				SYMROOT = ../../bin/ios;
				WRAPPER_EXTENSION = app;
			};
			name = Debug;
		};
		D231FB1C16EAA049003FCBAF /* Release */ = {
			isa = XCBuildConfiguration;
			buildSettings = {
				"CODE_SIGN_IDENTITY[sdk=iphoneos*]" = "iPhone Developer";
				COMPRESS_PNG_FILES = NO;
				CONFIGURATION_BUILD_DIR = "$(BUILD_DIR)";
				CONFIGURATION_TEMP_DIR = "$(BUILD_DIR)/$(CONFIGURATION)";
				FRAMEWORK_SEARCH_PATHS = /Library/Frameworks;
				GCC_PRECOMPILE_PREFIX_HEADER = YES;
				GCC_PREFIX_HEADER = ../../src/pch.h;
				GCC_PREPROCESSOR_DEFINITIONS = IPHONE;
				GCC_VERSION = "";
				HEADER_SEARCH_PATHS = (
					../../src,
					../../dep/include,
				);
				INFOPLIST_FILE = "G13/G13-Info.plist";
				IPHONEOS_DEPLOYMENT_TARGET = 5.1;
				LIBRARY_SEARCH_PATHS = (
					"$(inherited)",
					/usr/local/Cellar/libpng/1.5.13/lib,
				);
				PRODUCT_NAME = "$(TARGET_NAME)";
				"PROVISIONING_PROFILE[sdk=iphoneos*]" = "";
				SYMROOT = ../../bin/ios;
				WRAPPER_EXTENSION = app;
			};
			name = Release;
		};
/* End XCBuildConfiguration section */

/* Begin XCConfigurationList section */
		D231FAFC16EAA049003FCBAF /* Build configuration list for PBXProject "G13" */ = {
			isa = XCConfigurationList;
			buildConfigurations = (
				D231FB1816EAA049003FCBAF /* Debug */,
				D231FB1916EAA049003FCBAF /* Release */,
			);
			defaultConfigurationIsVisible = 0;
			defaultConfigurationName = Debug;
		};
		D231FB1A16EAA049003FCBAF /* Build configuration list for PBXNativeTarget "G13" */ = {
			isa = XCConfigurationList;
			buildConfigurations = (
				D231FB1B16EAA049003FCBAF /* Debug */,
				D231FB1C16EAA049003FCBAF /* Release */,
			);
			defaultConfigurationIsVisible = 0;
			defaultConfigurationName = Debug;
		};
/* End XCConfigurationList section */
	};
	rootObject = D231FAF916EAA049003FCBAF /* Project object */;
}
