// !$*UTF8*$!
{
	archiveVersion = 1;
	classes = {
	};
	objectVersion = 46;
	objects = {

/* Begin PBXBuildFile section */
		D231FB0716EAA049003FCBAF /* UIKit.framework in Frameworks */ = {isa = PBXBuildFile; fileRef = D231FB0616EAA049003FCBAF /* UIKit.framework */; };
		D231FB0916EAA049003FCBAF /* Foundation.framework in Frameworks */ = {isa = PBXBuildFile; fileRef = D231FB0816EAA049003FCBAF /* Foundation.framework */; };
		D231FB0B16EAA049003FCBAF /* CoreGraphics.framework in Frameworks */ = {isa = PBXBuildFile; fileRef = D231FB0A16EAA049003FCBAF /* CoreGraphics.framework */; };
		D231FB1116EAA049003FCBAF /* InfoPlist.strings in Resources */ = {isa = PBXBuildFile; fileRef = D231FB0F16EAA049003FCBAF /* InfoPlist.strings */; };
		D231FB1E16EAA0DE003FCBAF /* OpenGLES.framework in Frameworks */ = {isa = PBXBuildFile; fileRef = D231FB1D16EAA0DE003FCBAF /* OpenGLES.framework */; };
		D231FB5616EAA704003FCBAF /* QuartzCore.framework in Frameworks */ = {isa = PBXBuildFile; fileRef = D231FB5516EAA704003FCBAF /* QuartzCore.framework */; };
		D23B38B517A31C2700C10A85 /* SoldierGraphics.cpp in Sources */ = {isa = PBXBuildFile; fileRef = D23B383F17A31C2700C10A85 /* SoldierGraphics.cpp */; };
		D23B38B617A31C2700C10A85 /* SoldierInput.cpp in Sources */ = {isa = PBXBuildFile; fileRef = D23B384117A31C2700C10A85 /* SoldierInput.cpp */; };
		D23B38B717A31C2700C10A85 /* SoldierPhysics.cpp in Sources */ = {isa = PBXBuildFile; fileRef = D23B384317A31C2700C10A85 /* SoldierPhysics.cpp */; };
		D23B38B817A31C2700C10A85 /* Collision.cpp in Sources */ = {isa = PBXBuildFile; fileRef = D23B384617A31C2700C10A85 /* Collision.cpp */; };
		D23B38B917A31C2700C10A85 /* debug.cpp in Sources */ = {isa = PBXBuildFile; fileRef = D23B384817A31C2700C10A85 /* debug.cpp */; };
		D23B38BA17A31C2700C10A85 /* Camera.cpp in Sources */ = {isa = PBXBuildFile; fileRef = D23B384B17A31C2700C10A85 /* Camera.cpp */; };
		D23B38BB17A31C2700C10A85 /* Soldier.cpp in Sources */ = {isa = PBXBuildFile; fileRef = D23B384D17A31C2700C10A85 /* Soldier.cpp */; };
		D23B38BC17A31C2700C10A85 /* g13.cpp in Sources */ = {isa = PBXBuildFile; fileRef = D23B384F17A31C2700C10A85 /* g13.cpp */; };
		D23B38BD17A31C2700C10A85 /* Map.cpp in Sources */ = {isa = PBXBuildFile; fileRef = D23B385117A31C2700C10A85 /* Map.cpp */; };
		D23B38BE17A31C2700C10A85 /* Client.cpp in Sources */ = {isa = PBXBuildFile; fileRef = D23B385617A31C2700C10A85 /* Client.cpp */; };
		D23B38BF17A31C2700C10A85 /* msg.cpp in Sources */ = {isa = PBXBuildFile; fileRef = D23B385917A31C2700C10A85 /* msg.cpp */; };
		D23B38C017A31C2700C10A85 /* Multiplayer.cpp in Sources */ = {isa = PBXBuildFile; fileRef = D23B385C17A31C2700C10A85 /* Multiplayer.cpp */; };
		D23B38C117A31C2700C10A85 /* Player.cpp in Sources */ = {isa = PBXBuildFile; fileRef = D23B385E17A31C2700C10A85 /* Player.cpp */; };
		D23B38C217A31C2700C10A85 /* Server.cpp in Sources */ = {isa = PBXBuildFile; fileRef = D23B386017A31C2700C10A85 /* Server.cpp */; };
		D23B38C317A31C2700C10A85 /* res.cpp in Sources */ = {isa = PBXBuildFile; fileRef = D23B386217A31C2700C10A85 /* res.cpp */; };
		D23B38C417A31C2700C10A85 /* Multiplayer.cpp in Sources */ = {isa = PBXBuildFile; fileRef = D23B386517A31C2700C10A85 /* Multiplayer.cpp */; };
		D23B38C517A31C2700C10A85 /* Font.cpp in Sources */ = {isa = PBXBuildFile; fileRef = D23B386F17A31C2700C10A85 /* Font.cpp */; };
		D23B38C617A31C2700C10A85 /* gfx.cpp in Sources */ = {isa = PBXBuildFile; fileRef = D23B387217A31C2700C10A85 /* gfx.cpp */; };
		D23B38C717A31C2700C10A85 /* color.frag in Sources */ = {isa = PBXBuildFile; fileRef = D23B387617A31C2700C10A85 /* color.frag */; };
		D23B38C817A31C2700C10A85 /* color.vert in Sources */ = {isa = PBXBuildFile; fileRef = D23B387717A31C2700C10A85 /* color.vert */; };
		D23B38C917A31C2700C10A85 /* sprite.frag in Sources */ = {isa = PBXBuildFile; fileRef = D23B387917A31C2700C10A85 /* sprite.frag */; };
		D23B38CA17A31C2700C10A85 /* sprite.vert in Sources */ = {isa = PBXBuildFile; fileRef = D23B387A17A31C2700C10A85 /* sprite.vert */; };
		D23B38CB17A31C2700C10A85 /* text.frag in Sources */ = {isa = PBXBuildFile; fileRef = D23B387B17A31C2700C10A85 /* text.frag */; };
		D23B38CC17A31C2700C10A85 /* text.vert in Sources */ = {isa = PBXBuildFile; fileRef = D23B387C17A31C2700C10A85 /* text.vert */; };
		D23B38CD17A31C2700C10A85 /* IBO.cpp in Sources */ = {isa = PBXBuildFile; fileRef = D23B387D17A31C2700C10A85 /* IBO.cpp */; };
		D23B38CE17A31C2700C10A85 /* Image.cpp in Sources */ = {isa = PBXBuildFile; fileRef = D23B387F17A31C2700C10A85 /* Image.cpp */; };
		D23B38CF17A31C2700C10A85 /* Shader.cpp in Sources */ = {isa = PBXBuildFile; fileRef = D23B388217A31C2700C10A85 /* Shader.cpp */; };
		D23B38D017A31C2700C10A85 /* Sprite.cpp in Sources */ = {isa = PBXBuildFile; fileRef = D23B388417A31C2700C10A85 /* Sprite.cpp */; };
		D23B38D117A31C2700C10A85 /* SpriteBatch.cpp in Sources */ = {isa = PBXBuildFile; fileRef = D23B388617A31C2700C10A85 /* SpriteBatch.cpp */; };
		D23B38D217A31C2700C10A85 /* Text.cpp in Sources */ = {isa = PBXBuildFile; fileRef = D23B388817A31C2700C10A85 /* Text.cpp */; };
		D23B38D317A31C2700C10A85 /* Texture.cpp in Sources */ = {isa = PBXBuildFile; fileRef = D23B388A17A31C2700C10A85 /* Texture.cpp */; };
		D23B38D417A31C2700C10A85 /* VBO.cpp in Sources */ = {isa = PBXBuildFile; fileRef = D23B388C17A31C2700C10A85 /* VBO.cpp */; };
		D23B38D517A31C2700C10A85 /* vertex.cpp in Sources */ = {isa = PBXBuildFile; fileRef = D23B388E17A31C2700C10A85 /* vertex.cpp */; };
		D23B38D617A31C2700C10A85 /* main.cpp in Sources */ = {isa = PBXBuildFile; fileRef = D23B389C17A31C2700C10A85 /* main.cpp */; };
		D23B38D717A31C2700C10A85 /* fixed.cpp in Sources */ = {isa = PBXBuildFile; fileRef = D23B389F17A31C2700C10A85 /* fixed.cpp */; };
		D23B38D817A31C2700C10A85 /* functions.cpp in Sources */ = {isa = PBXBuildFile; fileRef = D23B38A217A31C2700C10A85 /* functions.cpp */; };
		D23B38D917A31C2700C10A85 /* vec2.cpp in Sources */ = {isa = PBXBuildFile; fileRef = D23B38A617A31C2700C10A85 /* vec2.cpp */; };
		D23B38DA17A31C2700C10A85 /* triangulate.cpp in Sources */ = {isa = PBXBuildFile; fileRef = D23B38AA17A31C2700C10A85 /* triangulate.cpp */; };
		D23B38DB17A31C2700C10A85 /* ios.mm in Sources */ = {isa = PBXBuildFile; fileRef = D23B38AF17A31C2700C10A85 /* ios.mm */; };
		D23B38DC17A31C2700C10A85 /* sys.cpp in Sources */ = {isa = PBXBuildFile; fileRef = D23B38B317A31C2700C10A85 /* sys.cpp */; };
		D23B38DE17A31C6800C10A85 /* libfreetype.a in Frameworks */ = {isa = PBXBuildFile; fileRef = D23B38DD17A31C6800C10A85 /* libfreetype.a */; };
		D25FF6BA178634F80055CFF9 /* libfixmath.a in Frameworks */ = {isa = PBXBuildFile; fileRef = D25FF6B6178634F80055CFF9 /* libfixmath.a */; };
		D25FF6BB178634F80055CFF9 /* libpng15.a in Frameworks */ = {isa = PBXBuildFile; fileRef = D25FF6B7178634F80055CFF9 /* libpng15.a */; };
		D25FF6BC178634F80055CFF9 /* libz.a in Frameworks */ = {isa = PBXBuildFile; fileRef = D25FF6B8178634F80055CFF9 /* libz.a */; };
		D28337C617864C3800C7CE47 /* libenet.a in Frameworks */ = {isa = PBXBuildFile; fileRef = D28337C517864C3800C7CE47 /* libenet.a */; };
		D2DD176716ED3E48000A7482 /* data in Resources */ = {isa = PBXBuildFile; fileRef = D2DD176616ED3E48000A7482 /* data */; };
/* End PBXBuildFile section */

/* Begin PBXFileReference section */
		D231FB0216EAA049003FCBAF /* G13.app */ = {isa = PBXFileReference; explicitFileType = wrapper.application; includeInIndex = 0; path = G13.app; sourceTree = BUILT_PRODUCTS_DIR; };
		D231FB0616EAA049003FCBAF /* UIKit.framework */ = {isa = PBXFileReference; lastKnownFileType = wrapper.framework; name = UIKit.framework; path = System/Library/Frameworks/UIKit.framework; sourceTree = SDKROOT; };
		D231FB0816EAA049003FCBAF /* Foundation.framework */ = {isa = PBXFileReference; lastKnownFileType = wrapper.framework; name = Foundation.framework; path = System/Library/Frameworks/Foundation.framework; sourceTree = SDKROOT; };
		D231FB0A16EAA049003FCBAF /* CoreGraphics.framework */ = {isa = PBXFileReference; lastKnownFileType = wrapper.framework; name = CoreGraphics.framework; path = System/Library/Frameworks/CoreGraphics.framework; sourceTree = SDKROOT; };
		D231FB0E16EAA049003FCBAF /* G13-Info.plist */ = {isa = PBXFileReference; lastKnownFileType = text.plist.xml; path = "G13-Info.plist"; sourceTree = "<group>"; };
		D231FB1016EAA049003FCBAF /* en */ = {isa = PBXFileReference; lastKnownFileType = text.plist.strings; name = en; path = en.lproj/InfoPlist.strings; sourceTree = "<group>"; };
		D231FB1D16EAA0DE003FCBAF /* OpenGLES.framework */ = {isa = PBXFileReference; lastKnownFileType = wrapper.framework; name = OpenGLES.framework; path = System/Library/Frameworks/OpenGLES.framework; sourceTree = SDKROOT; };
		D231FB5516EAA704003FCBAF /* QuartzCore.framework */ = {isa = PBXFileReference; lastKnownFileType = wrapper.framework; name = QuartzCore.framework; path = System/Library/Frameworks/QuartzCore.framework; sourceTree = SDKROOT; };
		D23B383D17A31C2700C10A85 /* Animation.h */ = {isa = PBXFileReference; fileEncoding = 4; lastKnownFileType = sourcecode.c.h; path = Animation.h; sourceTree = "<group>"; };
		D23B383F17A31C2700C10A85 /* SoldierGraphics.cpp */ = {isa = PBXFileReference; fileEncoding = 4; lastKnownFileType = sourcecode.cpp.cpp; path = SoldierGraphics.cpp; sourceTree = "<group>"; };
		D23B384017A31C2700C10A85 /* SoldierGraphics.h */ = {isa = PBXFileReference; fileEncoding = 4; lastKnownFileType = sourcecode.c.h; path = SoldierGraphics.h; sourceTree = "<group>"; };
		D23B384117A31C2700C10A85 /* SoldierInput.cpp */ = {isa = PBXFileReference; fileEncoding = 4; lastKnownFileType = sourcecode.cpp.cpp; path = SoldierInput.cpp; sourceTree = "<group>"; };
		D23B384217A31C2700C10A85 /* SoldierInput.h */ = {isa = PBXFileReference; fileEncoding = 4; lastKnownFileType = sourcecode.c.h; path = SoldierInput.h; sourceTree = "<group>"; };
		D23B384317A31C2700C10A85 /* SoldierPhysics.cpp */ = {isa = PBXFileReference; fileEncoding = 4; lastKnownFileType = sourcecode.cpp.cpp; path = SoldierPhysics.cpp; sourceTree = "<group>"; };
		D23B384417A31C2700C10A85 /* SoldierPhysics.h */ = {isa = PBXFileReference; fileEncoding = 4; lastKnownFileType = sourcecode.c.h; path = SoldierPhysics.h; sourceTree = "<group>"; };
		D23B384517A31C2700C10A85 /* SoldierState.h */ = {isa = PBXFileReference; fileEncoding = 4; lastKnownFileType = sourcecode.c.h; path = SoldierState.h; sourceTree = "<group>"; };
		D23B384617A31C2700C10A85 /* Collision.cpp */ = {isa = PBXFileReference; fileEncoding = 4; lastKnownFileType = sourcecode.cpp.cpp; path = Collision.cpp; sourceTree = "<group>"; };
		D23B384717A31C2700C10A85 /* Collision.h */ = {isa = PBXFileReference; fileEncoding = 4; lastKnownFileType = sourcecode.c.h; path = Collision.h; sourceTree = "<group>"; };
		D23B384817A31C2700C10A85 /* debug.cpp */ = {isa = PBXFileReference; fileEncoding = 4; lastKnownFileType = sourcecode.cpp.cpp; path = debug.cpp; sourceTree = "<group>"; };
		D23B384917A31C2700C10A85 /* debug.h */ = {isa = PBXFileReference; fileEncoding = 4; lastKnownFileType = sourcecode.c.h; path = debug.h; sourceTree = "<group>"; };
		D23B384B17A31C2700C10A85 /* Camera.cpp */ = {isa = PBXFileReference; fileEncoding = 4; lastKnownFileType = sourcecode.cpp.cpp; path = Camera.cpp; sourceTree = "<group>"; };
		D23B384C17A31C2700C10A85 /* Camera.h */ = {isa = PBXFileReference; fileEncoding = 4; lastKnownFileType = sourcecode.c.h; path = Camera.h; sourceTree = "<group>"; };
		D23B384D17A31C2700C10A85 /* Soldier.cpp */ = {isa = PBXFileReference; fileEncoding = 4; lastKnownFileType = sourcecode.cpp.cpp; path = Soldier.cpp; sourceTree = "<group>"; };
		D23B384E17A31C2700C10A85 /* Soldier.h */ = {isa = PBXFileReference; fileEncoding = 4; lastKnownFileType = sourcecode.c.h; path = Soldier.h; sourceTree = "<group>"; };
		D23B384F17A31C2700C10A85 /* g13.cpp */ = {isa = PBXFileReference; fileEncoding = 4; lastKnownFileType = sourcecode.cpp.cpp; path = g13.cpp; sourceTree = "<group>"; };
		D23B385017A31C2700C10A85 /* g13.h */ = {isa = PBXFileReference; fileEncoding = 4; lastKnownFileType = sourcecode.c.h; path = g13.h; sourceTree = "<group>"; };
		D23B385117A31C2700C10A85 /* Map.cpp */ = {isa = PBXFileReference; fileEncoding = 4; lastKnownFileType = sourcecode.cpp.cpp; path = Map.cpp; sourceTree = "<group>"; };
		D23B385217A31C2700C10A85 /* Map.h */ = {isa = PBXFileReference; fileEncoding = 4; lastKnownFileType = sourcecode.c.h; path = Map.h; sourceTree = "<group>"; };
		D23B385317A31C2700C10A85 /* math.h */ = {isa = PBXFileReference; fileEncoding = 4; lastKnownFileType = sourcecode.c.h; path = math.h; sourceTree = "<group>"; };
		D23B385517A31C2700C10A85 /* BitStream.h */ = {isa = PBXFileReference; fileEncoding = 4; lastKnownFileType = sourcecode.c.h; path = BitStream.h; sourceTree = "<group>"; };
		D23B385617A31C2700C10A85 /* Client.cpp */ = {isa = PBXFileReference; fileEncoding = 4; lastKnownFileType = sourcecode.cpp.cpp; path = Client.cpp; sourceTree = "<group>"; };
		D23B385717A31C2700C10A85 /* Client.h */ = {isa = PBXFileReference; fileEncoding = 4; lastKnownFileType = sourcecode.c.h; path = Client.h; sourceTree = "<group>"; };
		D23B385817A31C2700C10A85 /* messages.h */ = {isa = PBXFileReference; fileEncoding = 4; lastKnownFileType = sourcecode.c.h; path = messages.h; sourceTree = "<group>"; };
		D23B385917A31C2700C10A85 /* msg.cpp */ = {isa = PBXFileReference; fileEncoding = 4; lastKnownFileType = sourcecode.cpp.cpp; path = msg.cpp; sourceTree = "<group>"; };
		D23B385A17A31C2700C10A85 /* msg.h */ = {isa = PBXFileReference; fileEncoding = 4; lastKnownFileType = sourcecode.c.h; path = msg.h; sourceTree = "<group>"; };
		D23B385B17A31C2700C10A85 /* msg_magic.h */ = {isa = PBXFileReference; fileEncoding = 4; lastKnownFileType = sourcecode.c.h; path = msg_magic.h; sourceTree = "<group>"; };
		D23B385C17A31C2700C10A85 /* Multiplayer.cpp */ = {isa = PBXFileReference; fileEncoding = 4; lastKnownFileType = sourcecode.cpp.cpp; path = Multiplayer.cpp; sourceTree = "<group>"; };
		D23B385D17A31C2700C10A85 /* Multiplayer.h */ = {isa = PBXFileReference; fileEncoding = 4; lastKnownFileType = sourcecode.c.h; path = Multiplayer.h; sourceTree = "<group>"; };
		D23B385E17A31C2700C10A85 /* Player.cpp */ = {isa = PBXFileReference; fileEncoding = 4; lastKnownFileType = sourcecode.cpp.cpp; path = Player.cpp; sourceTree = "<group>"; };
		D23B385F17A31C2700C10A85 /* Player.h */ = {isa = PBXFileReference; fileEncoding = 4; lastKnownFileType = sourcecode.c.h; path = Player.h; sourceTree = "<group>"; };
		D23B386017A31C2700C10A85 /* Server.cpp */ = {isa = PBXFileReference; fileEncoding = 4; lastKnownFileType = sourcecode.cpp.cpp; path = Server.cpp; sourceTree = "<group>"; };
		D23B386117A31C2700C10A85 /* Server.h */ = {isa = PBXFileReference; fileEncoding = 4; lastKnownFileType = sourcecode.c.h; path = Server.h; sourceTree = "<group>"; };
		D23B386217A31C2700C10A85 /* res.cpp */ = {isa = PBXFileReference; fileEncoding = 4; lastKnownFileType = sourcecode.cpp.cpp; path = res.cpp; sourceTree = "<group>"; };
		D23B386317A31C2700C10A85 /* res.h */ = {isa = PBXFileReference; fileEncoding = 4; lastKnownFileType = sourcecode.c.h; path = res.h; sourceTree = "<group>"; };
		D23B386517A31C2700C10A85 /* Multiplayer.cpp */ = {isa = PBXFileReference; fileEncoding = 4; lastKnownFileType = sourcecode.cpp.cpp; path = Multiplayer.cpp; sourceTree = "<group>"; };
		D23B386617A31C2700C10A85 /* Multiplayer.h */ = {isa = PBXFileReference; fileEncoding = 4; lastKnownFileType = sourcecode.c.h; path = Multiplayer.h; sourceTree = "<group>"; };
		D23B386717A31C2700C10A85 /* State.h */ = {isa = PBXFileReference; fileEncoding = 4; lastKnownFileType = sourcecode.c.h; path = State.h; sourceTree = "<group>"; };
		D23B386B17A31C2700C10A85 /* attributes.h */ = {isa = PBXFileReference; fileEncoding = 4; lastKnownFileType = sourcecode.c.h; path = attributes.h; sourceTree = "<group>"; };
		D23B386C17A31C2700C10A85 /* Color.h */ = {isa = PBXFileReference; fileEncoding = 4; lastKnownFileType = sourcecode.c.h; path = Color.h; sourceTree = "<group>"; };
		D23B386D17A31C2700C10A85 /* Context.h */ = {isa = PBXFileReference; fileEncoding = 4; lastKnownFileType = sourcecode.c.h; path = Context.h; sourceTree = "<group>"; };
		D23B386E17A31C2700C10A85 /* enums.h */ = {isa = PBXFileReference; fileEncoding = 4; lastKnownFileType = sourcecode.c.h; path = enums.h; sourceTree = "<group>"; };
		D23B386F17A31C2700C10A85 /* Font.cpp */ = {isa = PBXFileReference; fileEncoding = 4; lastKnownFileType = sourcecode.cpp.cpp; path = Font.cpp; sourceTree = "<group>"; };
		D23B387017A31C2700C10A85 /* Font.h */ = {isa = PBXFileReference; fileEncoding = 4; lastKnownFileType = sourcecode.c.h; path = Font.h; sourceTree = "<group>"; };
		D23B387117A31C2700C10A85 /* forward.h */ = {isa = PBXFileReference; fileEncoding = 4; lastKnownFileType = sourcecode.c.h; path = forward.h; sourceTree = "<group>"; };
		D23B387217A31C2700C10A85 /* gfx.cpp */ = {isa = PBXFileReference; fileEncoding = 4; lastKnownFileType = sourcecode.cpp.cpp; path = gfx.cpp; sourceTree = "<group>"; };
		D23B387317A31C2700C10A85 /* gfx.h */ = {isa = PBXFileReference; fileEncoding = 4; lastKnownFileType = sourcecode.c.h; path = gfx.h; sourceTree = "<group>"; };
		D23B387417A31C2700C10A85 /* gl.h */ = {isa = PBXFileReference; fileEncoding = 4; lastKnownFileType = sourcecode.c.h; path = gl.h; sourceTree = "<group>"; };
		D23B387617A31C2700C10A85 /* color.frag */ = {isa = PBXFileReference; fileEncoding = 4; lastKnownFileType = sourcecode.glsl; path = color.frag; sourceTree = "<group>"; };
		D23B387717A31C2700C10A85 /* color.vert */ = {isa = PBXFileReference; fileEncoding = 4; lastKnownFileType = sourcecode.glsl; path = color.vert; sourceTree = "<group>"; };
		D23B387817A31C2700C10A85 /* glsl.h */ = {isa = PBXFileReference; fileEncoding = 4; lastKnownFileType = sourcecode.c.h; path = glsl.h; sourceTree = "<group>"; };
		D23B387917A31C2700C10A85 /* sprite.frag */ = {isa = PBXFileReference; fileEncoding = 4; lastKnownFileType = sourcecode.glsl; path = sprite.frag; sourceTree = "<group>"; };
		D23B387A17A31C2700C10A85 /* sprite.vert */ = {isa = PBXFileReference; fileEncoding = 4; lastKnownFileType = sourcecode.glsl; path = sprite.vert; sourceTree = "<group>"; };
		D23B387B17A31C2700C10A85 /* text.frag */ = {isa = PBXFileReference; fileEncoding = 4; lastKnownFileType = sourcecode.glsl; path = text.frag; sourceTree = "<group>"; };
		D23B387C17A31C2700C10A85 /* text.vert */ = {isa = PBXFileReference; fileEncoding = 4; lastKnownFileType = sourcecode.glsl; path = text.vert; sourceTree = "<group>"; };
		D23B387D17A31C2700C10A85 /* IBO.cpp */ = {isa = PBXFileReference; fileEncoding = 4; lastKnownFileType = sourcecode.cpp.cpp; path = IBO.cpp; sourceTree = "<group>"; };
		D23B387E17A31C2700C10A85 /* IBO.h */ = {isa = PBXFileReference; fileEncoding = 4; lastKnownFileType = sourcecode.c.h; path = IBO.h; sourceTree = "<group>"; };
		D23B387F17A31C2700C10A85 /* Image.cpp */ = {isa = PBXFileReference; fileEncoding = 4; lastKnownFileType = sourcecode.cpp.cpp; path = Image.cpp; sourceTree = "<group>"; };
		D23B388017A31C2700C10A85 /* Image.h */ = {isa = PBXFileReference; fileEncoding = 4; lastKnownFileType = sourcecode.c.h; path = Image.h; sourceTree = "<group>"; };
		D23B388117A31C2700C10A85 /* platform.h */ = {isa = PBXFileReference; fileEncoding = 4; lastKnownFileType = sourcecode.c.h; path = platform.h; sourceTree = "<group>"; };
		D23B388217A31C2700C10A85 /* Shader.cpp */ = {isa = PBXFileReference; fileEncoding = 4; lastKnownFileType = sourcecode.cpp.cpp; path = Shader.cpp; sourceTree = "<group>"; };
		D23B388317A31C2700C10A85 /* Shader.h */ = {isa = PBXFileReference; fileEncoding = 4; lastKnownFileType = sourcecode.c.h; path = Shader.h; sourceTree = "<group>"; };
		D23B388417A31C2700C10A85 /* Sprite.cpp */ = {isa = PBXFileReference; fileEncoding = 4; lastKnownFileType = sourcecode.cpp.cpp; path = Sprite.cpp; sourceTree = "<group>"; };
		D23B388517A31C2700C10A85 /* Sprite.h */ = {isa = PBXFileReference; fileEncoding = 4; lastKnownFileType = sourcecode.c.h; path = Sprite.h; sourceTree = "<group>"; };
		D23B388617A31C2700C10A85 /* SpriteBatch.cpp */ = {isa = PBXFileReference; fileEncoding = 4; lastKnownFileType = sourcecode.cpp.cpp; path = SpriteBatch.cpp; sourceTree = "<group>"; };
		D23B388717A31C2700C10A85 /* SpriteBatch.h */ = {isa = PBXFileReference; fileEncoding = 4; lastKnownFileType = sourcecode.c.h; path = SpriteBatch.h; sourceTree = "<group>"; };
		D23B388817A31C2700C10A85 /* Text.cpp */ = {isa = PBXFileReference; fileEncoding = 4; lastKnownFileType = sourcecode.cpp.cpp; path = Text.cpp; sourceTree = "<group>"; };
		D23B388917A31C2700C10A85 /* Text.h */ = {isa = PBXFileReference; fileEncoding = 4; lastKnownFileType = sourcecode.c.h; path = Text.h; sourceTree = "<group>"; };
		D23B388A17A31C2700C10A85 /* Texture.cpp */ = {isa = PBXFileReference; fileEncoding = 4; lastKnownFileType = sourcecode.cpp.cpp; path = Texture.cpp; sourceTree = "<group>"; };
		D23B388B17A31C2700C10A85 /* Texture.h */ = {isa = PBXFileReference; fileEncoding = 4; lastKnownFileType = sourcecode.c.h; path = Texture.h; sourceTree = "<group>"; };
		D23B388C17A31C2700C10A85 /* VBO.cpp */ = {isa = PBXFileReference; fileEncoding = 4; lastKnownFileType = sourcecode.cpp.cpp; path = VBO.cpp; sourceTree = "<group>"; };
		D23B388D17A31C2700C10A85 /* VBO.h */ = {isa = PBXFileReference; fileEncoding = 4; lastKnownFileType = sourcecode.c.h; path = VBO.h; sourceTree = "<group>"; };
		D23B388E17A31C2700C10A85 /* vertex.cpp */ = {isa = PBXFileReference; fileEncoding = 4; lastKnownFileType = sourcecode.cpp.cpp; path = vertex.cpp; sourceTree = "<group>"; };
		D23B388F17A31C2700C10A85 /* vertex.h */ = {isa = PBXFileReference; fileEncoding = 4; lastKnownFileType = sourcecode.c.h; path = vertex.h; sourceTree = "<group>"; };
		D23B389217A31C2700C10A85 /* assign.h */ = {isa = PBXFileReference; fileEncoding = 4; lastKnownFileType = sourcecode.c.h; path = assign.h; sourceTree = "<group>"; };
		D23B389317A31C2700C10A85 /* pool.h */ = {isa = PBXFileReference; fileEncoding = 4; lastKnownFileType = sourcecode.c.h; path = pool.h; sourceTree = "<group>"; };
		D23B389417A31C2700C10A85 /* read.h */ = {isa = PBXFileReference; fileEncoding = 4; lastKnownFileType = sourcecode.c.h; path = read.h; sourceTree = "<group>"; };
		D23B389517A31C2700C10A85 /* ring.h */ = {isa = PBXFileReference; fileEncoding = 4; lastKnownFileType = sourcecode.c.h; path = ring.h; sourceTree = "<group>"; };
		D23B389617A31C2700C10A85 /* split.h */ = {isa = PBXFileReference; fileEncoding = 4; lastKnownFileType = sourcecode.c.h; path = split.h; sourceTree = "<group>"; };
		D23B389717A31C2700C10A85 /* to_int.h */ = {isa = PBXFileReference; fileEncoding = 4; lastKnownFileType = sourcecode.c.h; path = to_int.h; sourceTree = "<group>"; };
		D23B389917A31C2700C10A85 /* core.h */ = {isa = PBXFileReference; fileEncoding = 4; lastKnownFileType = sourcecode.c.h; path = core.h; sourceTree = "<group>"; };
		D23B389A17A31C2700C10A85 /* unchecked.h */ = {isa = PBXFileReference; fileEncoding = 4; lastKnownFileType = sourcecode.c.h; path = unchecked.h; sourceTree = "<group>"; };
		D23B389B17A31C2700C10A85 /* utf8.h */ = {isa = PBXFileReference; fileEncoding = 4; lastKnownFileType = sourcecode.c.h; path = utf8.h; sourceTree = "<group>"; };
		D23B389C17A31C2700C10A85 /* main.cpp */ = {isa = PBXFileReference; fileEncoding = 4; lastKnownFileType = sourcecode.cpp.cpp; path = main.cpp; sourceTree = "<group>"; };
		D23B389F17A31C2700C10A85 /* fixed.cpp */ = {isa = PBXFileReference; fileEncoding = 4; lastKnownFileType = sourcecode.cpp.cpp; path = fixed.cpp; sourceTree = "<group>"; };
		D23B38A017A31C2700C10A85 /* fixed.h */ = {isa = PBXFileReference; fileEncoding = 4; lastKnownFileType = sourcecode.c.h; path = fixed.h; sourceTree = "<group>"; };
		D23B38A117A31C2700C10A85 /* fpm.h */ = {isa = PBXFileReference; fileEncoding = 4; lastKnownFileType = sourcecode.c.h; path = fpm.h; sourceTree = "<group>"; };
		D23B38A217A31C2700C10A85 /* functions.cpp */ = {isa = PBXFileReference; fileEncoding = 4; lastKnownFileType = sourcecode.cpp.cpp; path = functions.cpp; sourceTree = "<group>"; };
		D23B38A317A31C2700C10A85 /* functions.h */ = {isa = PBXFileReference; fileEncoding = 4; lastKnownFileType = sourcecode.c.h; path = functions.h; sourceTree = "<group>"; };
		D23B38A417A31C2700C10A85 /* line.h */ = {isa = PBXFileReference; fileEncoding = 4; lastKnownFileType = sourcecode.c.h; path = line.h; sourceTree = "<group>"; };
		D23B38A517A31C2700C10A85 /* rect.h */ = {isa = PBXFileReference; fileEncoding = 4; lastKnownFileType = sourcecode.c.h; path = rect.h; sourceTree = "<group>"; };
		D23B38A617A31C2700C10A85 /* vec2.cpp */ = {isa = PBXFileReference; fileEncoding = 4; lastKnownFileType = sourcecode.cpp.cpp; path = vec2.cpp; sourceTree = "<group>"; };
		D23B38A717A31C2700C10A85 /* vec2.h */ = {isa = PBXFileReference; fileEncoding = 4; lastKnownFileType = sourcecode.c.h; path = vec2.h; sourceTree = "<group>"; };
		D23B38A817A31C2700C10A85 /* interpolable.h */ = {isa = PBXFileReference; fileEncoding = 4; lastKnownFileType = sourcecode.c.h; path = interpolable.h; sourceTree = "<group>"; };
		D23B38A917A31C2700C10A85 /* minbits.h */ = {isa = PBXFileReference; fileEncoding = 4; lastKnownFileType = sourcecode.c.h; path = minbits.h; sourceTree = "<group>"; };
		D23B38AA17A31C2700C10A85 /* triangulate.cpp */ = {isa = PBXFileReference; fileEncoding = 4; lastKnownFileType = sourcecode.cpp.cpp; path = triangulate.cpp; sourceTree = "<group>"; };
		D23B38AB17A31C2700C10A85 /* triangulate.h */ = {isa = PBXFileReference; fileEncoding = 4; lastKnownFileType = sourcecode.c.h; path = triangulate.h; sourceTree = "<group>"; };
		D23B38AD17A31C2700C10A85 /* Event.h */ = {isa = PBXFileReference; fileEncoding = 4; lastKnownFileType = sourcecode.c.h; path = Event.h; sourceTree = "<group>"; };
		D23B38AE17A31C2700C10A85 /* ios.h */ = {isa = PBXFileReference; fileEncoding = 4; lastKnownFileType = sourcecode.c.h; path = ios.h; sourceTree = "<group>"; };
		D23B38AF17A31C2700C10A85 /* ios.mm */ = {isa = PBXFileReference; fileEncoding = 4; lastKnownFileType = sourcecode.cpp.objcpp; path = ios.mm; sourceTree = "<group>"; };
		D23B38B017A31C2700C10A85 /* keyboard.h */ = {isa = PBXFileReference; fileEncoding = 4; lastKnownFileType = sourcecode.c.h; path = keyboard.h; sourceTree = "<group>"; };
		D23B38B117A31C2700C10A85 /* mouse.h */ = {isa = PBXFileReference; fileEncoding = 4; lastKnownFileType = sourcecode.c.h; path = mouse.h; sourceTree = "<group>"; };
		D23B38B217A31C2700C10A85 /* platform.h */ = {isa = PBXFileReference; fileEncoding = 4; lastKnownFileType = sourcecode.c.h; path = platform.h; sourceTree = "<group>"; };
		D23B38B317A31C2700C10A85 /* sys.cpp */ = {isa = PBXFileReference; fileEncoding = 4; lastKnownFileType = sourcecode.cpp.cpp; path = sys.cpp; sourceTree = "<group>"; };
		D23B38B417A31C2700C10A85 /* sys.h */ = {isa = PBXFileReference; fileEncoding = 4; lastKnownFileType = sourcecode.c.h; path = sys.h; sourceTree = "<group>"; };
		D23B38DD17A31C6800C10A85 /* libfreetype.a */ = {isa = PBXFileReference; explicitFileType = "compiled.mach-o.objfile"; name = libfreetype.a; path = ../../lib/ios/libfreetype.a; sourceTree = "<group>"; };
		D25FF6B6178634F80055CFF9 /* libfixmath.a */ = {isa = PBXFileReference; explicitFileType = "compiled.mach-o.objfile"; name = libfixmath.a; path = ../../lib/ios/libfixmath.a; sourceTree = "<group>"; };
		D25FF6B7178634F80055CFF9 /* libpng15.a */ = {isa = PBXFileReference; explicitFileType = "compiled.mach-o.objfile"; name = libpng15.a; path = ../../lib/ios/libpng15.a; sourceTree = "<group>"; };
		D25FF6B8178634F80055CFF9 /* libz.a */ = {isa = PBXFileReference; explicitFileType = "compiled.mach-o.objfile"; name = libz.a; path = ../../lib/ios/libz.a; sourceTree = "<group>"; };
		D28337C517864C3800C7CE47 /* libenet.a */ = {isa = PBXFileReference; explicitFileType = "compiled.mach-o.objfile"; name = libenet.a; path = ../../lib/ios/libenet.a; sourceTree = "<group>"; };
		D2DD176616ED3E48000A7482 /* data */ = {isa = PBXFileReference; lastKnownFileType = folder; name = data; path = ../../../data; sourceTree = "<group>"; };
/* End PBXFileReference section */

/* Begin PBXFrameworksBuildPhase section */
		D231FAFF16EAA049003FCBAF /* Frameworks */ = {
			isa = PBXFrameworksBuildPhase;
			buildActionMask = 2147483647;
			files = (
				D231FB5616EAA704003FCBAF /* QuartzCore.framework in Frameworks */,
				D231FB1E16EAA0DE003FCBAF /* OpenGLES.framework in Frameworks */,
				D231FB0716EAA049003FCBAF /* UIKit.framework in Frameworks */,
				D231FB0916EAA049003FCBAF /* Foundation.framework in Frameworks */,
				D231FB0B16EAA049003FCBAF /* CoreGraphics.framework in Frameworks */,
				D25FF6BA178634F80055CFF9 /* libfixmath.a in Frameworks */,
				D25FF6BB178634F80055CFF9 /* libpng15.a in Frameworks */,
				D25FF6BC178634F80055CFF9 /* libz.a in Frameworks */,
				D28337C617864C3800C7CE47 /* libenet.a in Frameworks */,
				D23B38DE17A31C6800C10A85 /* libfreetype.a in Frameworks */,
			);
			runOnlyForDeploymentPostprocessing = 0;
		};
/* End PBXFrameworksBuildPhase section */

/* Begin PBXGroup section */
		D231FAF716EAA049003FCBAF = {
			isa = PBXGroup;
			children = (
				D231FB0C16EAA049003FCBAF /* G13 */,
				D231FB0516EAA049003FCBAF /* Frameworks */,
				D231FB0316EAA049003FCBAF /* Products */,
			);
			sourceTree = "<group>";
		};
		D231FB0316EAA049003FCBAF /* Products */ = {
			isa = PBXGroup;
			children = (
				D231FB0216EAA049003FCBAF /* G13.app */,
			);
			name = Products;
			sourceTree = "<group>";
		};
		D231FB0516EAA049003FCBAF /* Frameworks */ = {
			isa = PBXGroup;
			children = (
				D23B38DD17A31C6800C10A85 /* libfreetype.a */,
				D28337C517864C3800C7CE47 /* libenet.a */,
				D25FF6B6178634F80055CFF9 /* libfixmath.a */,
				D25FF6B7178634F80055CFF9 /* libpng15.a */,
				D25FF6B8178634F80055CFF9 /* libz.a */,
				D231FB5516EAA704003FCBAF /* QuartzCore.framework */,
				D231FB1D16EAA0DE003FCBAF /* OpenGLES.framework */,
				D231FB0616EAA049003FCBAF /* UIKit.framework */,
				D231FB0816EAA049003FCBAF /* Foundation.framework */,
				D231FB0A16EAA049003FCBAF /* CoreGraphics.framework */,
			);
			name = Frameworks;
			sourceTree = "<group>";
		};
		D231FB0C16EAA049003FCBAF /* G13 */ = {
			isa = PBXGroup;
			children = (
				D23B383B17A31C2700C10A85 /* src */,
				D2DD176616ED3E48000A7482 /* data */,
				D231FB0D16EAA049003FCBAF /* Supporting Files */,
			);
			path = G13;
			sourceTree = "<group>";
		};
		D231FB0D16EAA049003FCBAF /* Supporting Files */ = {
			isa = PBXGroup;
			children = (
				D231FB0E16EAA049003FCBAF /* G13-Info.plist */,
				D231FB0F16EAA049003FCBAF /* InfoPlist.strings */,
			);
			name = "Supporting Files";
			sourceTree = "<group>";
		};
		D23B383B17A31C2700C10A85 /* src */ = {
			isa = PBXGroup;
			children = (
				D23B383C17A31C2700C10A85 /* g13 */,
				D23B386817A31C2700C10A85 /* Game */,
				D23B386A17A31C2700C10A85 /* gfx */,
				D23B389017A31C2700C10A85 /* Graphics */,
				D23B389117A31C2700C10A85 /* hlp */,
				D23B389C17A31C2700C10A85 /* main.cpp */,
				D23B389D17A31C2700C10A85 /* math */,
				D23B38AC17A31C2700C10A85 /* sys */,
			);
			name = src;
			path = ../../../src;
			sourceTree = "<group>";
		};
		D23B383C17A31C2700C10A85 /* g13 */ = {
			isa = PBXGroup;
			children = (
				D23B383D17A31C2700C10A85 /* Animation.h */,
				D23B383E17A31C2700C10A85 /* cmp */,
				D23B384617A31C2700C10A85 /* Collision.cpp */,
				D23B384717A31C2700C10A85 /* Collision.h */,
				D23B384817A31C2700C10A85 /* debug.cpp */,
				D23B384917A31C2700C10A85 /* debug.h */,
				D23B384A17A31C2700C10A85 /* ent */,
				D23B384F17A31C2700C10A85 /* g13.cpp */,
				D23B385017A31C2700C10A85 /* g13.h */,
				D23B385117A31C2700C10A85 /* Map.cpp */,
				D23B385217A31C2700C10A85 /* Map.h */,
				D23B385317A31C2700C10A85 /* math.h */,
				D23B385417A31C2700C10A85 /* net */,
				D23B386217A31C2700C10A85 /* res.cpp */,
				D23B386317A31C2700C10A85 /* res.h */,
				D23B386417A31C2700C10A85 /* stt */,
			);
			path = g13;
			sourceTree = "<group>";
		};
		D23B383E17A31C2700C10A85 /* cmp */ = {
			isa = PBXGroup;
			children = (
				D23B383F17A31C2700C10A85 /* SoldierGraphics.cpp */,
				D23B384017A31C2700C10A85 /* SoldierGraphics.h */,
				D23B384117A31C2700C10A85 /* SoldierInput.cpp */,
				D23B384217A31C2700C10A85 /* SoldierInput.h */,
				D23B384317A31C2700C10A85 /* SoldierPhysics.cpp */,
				D23B384417A31C2700C10A85 /* SoldierPhysics.h */,
				D23B384517A31C2700C10A85 /* SoldierState.h */,
			);
			path = cmp;
			sourceTree = "<group>";
		};
		D23B384A17A31C2700C10A85 /* ent */ = {
			isa = PBXGroup;
			children = (
				D23B384B17A31C2700C10A85 /* Camera.cpp */,
				D23B384C17A31C2700C10A85 /* Camera.h */,
				D23B384D17A31C2700C10A85 /* Soldier.cpp */,
				D23B384E17A31C2700C10A85 /* Soldier.h */,
			);
			path = ent;
			sourceTree = "<group>";
		};
		D23B385417A31C2700C10A85 /* net */ = {
			isa = PBXGroup;
			children = (
				D23B385517A31C2700C10A85 /* BitStream.h */,
				D23B385617A31C2700C10A85 /* Client.cpp */,
				D23B385717A31C2700C10A85 /* Client.h */,
				D23B385817A31C2700C10A85 /* messages.h */,
				D23B385917A31C2700C10A85 /* msg.cpp */,
				D23B385A17A31C2700C10A85 /* msg.h */,
				D23B385B17A31C2700C10A85 /* msg_magic.h */,
				D23B385C17A31C2700C10A85 /* Multiplayer.cpp */,
				D23B385D17A31C2700C10A85 /* Multiplayer.h */,
				D23B385E17A31C2700C10A85 /* Player.cpp */,
				D23B385F17A31C2700C10A85 /* Player.h */,
				D23B386017A31C2700C10A85 /* Server.cpp */,
				D23B386117A31C2700C10A85 /* Server.h */,
			);
			path = net;
			sourceTree = "<group>";
		};
		D23B386417A31C2700C10A85 /* stt */ = {
			isa = PBXGroup;
			children = (
				D23B386517A31C2700C10A85 /* Multiplayer.cpp */,
				D23B386617A31C2700C10A85 /* Multiplayer.h */,
				D23B386717A31C2700C10A85 /* State.h */,
			);
			path = stt;
			sourceTree = "<group>";
		};
		D23B386817A31C2700C10A85 /* Game */ = {
			isa = PBXGroup;
			children = (
				D23B386917A31C2700C10A85 /* Network */,
			);
			path = Game;
			sourceTree = "<group>";
		};
		D23B386917A31C2700C10A85 /* Network */ = {
			isa = PBXGroup;
			children = (
			);
			path = Network;
			sourceTree = "<group>";
		};
		D23B386A17A31C2700C10A85 /* gfx */ = {
			isa = PBXGroup;
			children = (
				D23B386B17A31C2700C10A85 /* attributes.h */,
				D23B386C17A31C2700C10A85 /* Color.h */,
				D23B386D17A31C2700C10A85 /* Context.h */,
				D23B386E17A31C2700C10A85 /* enums.h */,
				D23B386F17A31C2700C10A85 /* Font.cpp */,
				D23B387017A31C2700C10A85 /* Font.h */,
				D23B387117A31C2700C10A85 /* forward.h */,
				D23B387217A31C2700C10A85 /* gfx.cpp */,
				D23B387317A31C2700C10A85 /* gfx.h */,
				D23B387417A31C2700C10A85 /* gl.h */,
				D23B387517A31C2700C10A85 /* glsl */,
				D23B387D17A31C2700C10A85 /* IBO.cpp */,
				D23B387E17A31C2700C10A85 /* IBO.h */,
				D23B387F17A31C2700C10A85 /* Image.cpp */,
				D23B388017A31C2700C10A85 /* Image.h */,
				D23B388117A31C2700C10A85 /* platform.h */,
				D23B388217A31C2700C10A85 /* Shader.cpp */,
				D23B388317A31C2700C10A85 /* Shader.h */,
				D23B388417A31C2700C10A85 /* Sprite.cpp */,
				D23B388517A31C2700C10A85 /* Sprite.h */,
				D23B388617A31C2700C10A85 /* SpriteBatch.cpp */,
				D23B388717A31C2700C10A85 /* SpriteBatch.h */,
				D23B388817A31C2700C10A85 /* Text.cpp */,
				D23B388917A31C2700C10A85 /* Text.h */,
				D23B388A17A31C2700C10A85 /* Texture.cpp */,
				D23B388B17A31C2700C10A85 /* Texture.h */,
				D23B388C17A31C2700C10A85 /* VBO.cpp */,
				D23B388D17A31C2700C10A85 /* VBO.h */,
				D23B388E17A31C2700C10A85 /* vertex.cpp */,
				D23B388F17A31C2700C10A85 /* vertex.h */,
			);
			path = gfx;
			sourceTree = "<group>";
		};
		D23B387517A31C2700C10A85 /* glsl */ = {
			isa = PBXGroup;
			children = (
				D23B387617A31C2700C10A85 /* color.frag */,
				D23B387717A31C2700C10A85 /* color.vert */,
				D23B387817A31C2700C10A85 /* glsl.h */,
				D23B387917A31C2700C10A85 /* sprite.frag */,
				D23B387A17A31C2700C10A85 /* sprite.vert */,
				D23B387B17A31C2700C10A85 /* text.frag */,
				D23B387C17A31C2700C10A85 /* text.vert */,
			);
			path = glsl;
			sourceTree = "<group>";
		};
		D23B389017A31C2700C10A85 /* Graphics */ = {
			isa = PBXGroup;
			children = (
			);
			path = Graphics;
			sourceTree = "<group>";
		};
		D23B389117A31C2700C10A85 /* hlp */ = {
			isa = PBXGroup;
			children = (
				D23B389217A31C2700C10A85 /* assign.h */,
				D23B389317A31C2700C10A85 /* pool.h */,
				D23B389417A31C2700C10A85 /* read.h */,
				D23B389517A31C2700C10A85 /* ring.h */,
				D23B389617A31C2700C10A85 /* split.h */,
				D23B389717A31C2700C10A85 /* to_int.h */,
				D23B389817A31C2700C10A85 /* utf8 */,
				D23B389B17A31C2700C10A85 /* utf8.h */,
			);
			path = hlp;
			sourceTree = "<group>";
		};
		D23B389817A31C2700C10A85 /* utf8 */ = {
			isa = PBXGroup;
			children = (
				D23B389917A31C2700C10A85 /* core.h */,
				D23B389A17A31C2700C10A85 /* unchecked.h */,
			);
			path = utf8;
			sourceTree = "<group>";
		};
		D23B389D17A31C2700C10A85 /* math */ = {
			isa = PBXGroup;
			children = (
				D23B389E17A31C2700C10A85 /* fpm */,
				D23B38A817A31C2700C10A85 /* interpolable.h */,
				D23B38A917A31C2700C10A85 /* minbits.h */,
				D23B38AA17A31C2700C10A85 /* triangulate.cpp */,
				D23B38AB17A31C2700C10A85 /* triangulate.h */,
			);
			path = math;
			sourceTree = "<group>";
		};
		D23B389E17A31C2700C10A85 /* fpm */ = {
			isa = PBXGroup;
			children = (
				D23B389F17A31C2700C10A85 /* fixed.cpp */,
				D23B38A017A31C2700C10A85 /* fixed.h */,
				D23B38A117A31C2700C10A85 /* fpm.h */,
				D23B38A217A31C2700C10A85 /* functions.cpp */,
				D23B38A317A31C2700C10A85 /* functions.h */,
				D23B38A417A31C2700C10A85 /* line.h */,
				D23B38A517A31C2700C10A85 /* rect.h */,
				D23B38A617A31C2700C10A85 /* vec2.cpp */,
				D23B38A717A31C2700C10A85 /* vec2.h */,
			);
			path = fpm;
			sourceTree = "<group>";
		};
		D23B38AC17A31C2700C10A85 /* sys */ = {
			isa = PBXGroup;
			children = (
				D23B38AD17A31C2700C10A85 /* Event.h */,
				D23B38AE17A31C2700C10A85 /* ios.h */,
				D23B38AF17A31C2700C10A85 /* ios.mm */,
				D23B38B017A31C2700C10A85 /* keyboard.h */,
				D23B38B117A31C2700C10A85 /* mouse.h */,
				D23B38B217A31C2700C10A85 /* platform.h */,
				D23B38B317A31C2700C10A85 /* sys.cpp */,
				D23B38B417A31C2700C10A85 /* sys.h */,
			);
			path = sys;
			sourceTree = "<group>";
		};
/* End PBXGroup section */

/* Begin PBXNativeTarget section */
		D231FB0116EAA049003FCBAF /* G13 */ = {
			isa = PBXNativeTarget;
			buildConfigurationList = D231FB1A16EAA049003FCBAF /* Build configuration list for PBXNativeTarget "G13" */;
			buildPhases = (
				D231FAFE16EAA049003FCBAF /* Sources */,
				D231FAFF16EAA049003FCBAF /* Frameworks */,
				D231FB0016EAA049003FCBAF /* Resources */,
			);
			buildRules = (
			);
			dependencies = (
			);
			name = G13;
			productName = G13;
			productReference = D231FB0216EAA049003FCBAF /* G13.app */;
			productType = "com.apple.product-type.application";
		};
/* End PBXNativeTarget section */

/* Begin PBXProject section */
		D231FAF916EAA049003FCBAF /* Project object */ = {
			isa = PBXProject;
			attributes = {
				LastUpgradeCheck = 0440;
				ORGANIZATIONNAME = "Perro Azul";
			};
			buildConfigurationList = D231FAFC16EAA049003FCBAF /* Build configuration list for PBXProject "G13" */;
			compatibilityVersion = "Xcode 3.2";
			developmentRegion = English;
			hasScannedForEncodings = 0;
			knownRegions = (
				en,
			);
			mainGroup = D231FAF716EAA049003FCBAF;
			productRefGroup = D231FB0316EAA049003FCBAF /* Products */;
			projectDirPath = "";
			projectRoot = "";
			targets = (
				D231FB0116EAA049003FCBAF /* G13 */,
			);
		};
/* End PBXProject section */

/* Begin PBXResourcesBuildPhase section */
		D231FB0016EAA049003FCBAF /* Resources */ = {
			isa = PBXResourcesBuildPhase;
			buildActionMask = 2147483647;
			files = (
				D231FB1116EAA049003FCBAF /* InfoPlist.strings in Resources */,
				D2DD176716ED3E48000A7482 /* data in Resources */,
			);
			runOnlyForDeploymentPostprocessing = 0;
		};
/* End PBXResourcesBuildPhase section */

/* Begin PBXSourcesBuildPhase section */
		D231FAFE16EAA049003FCBAF /* Sources */ = {
			isa = PBXSourcesBuildPhase;
			buildActionMask = 2147483647;
			files = (
				D23B38B517A31C2700C10A85 /* SoldierGraphics.cpp in Sources */,
				D23B38B617A31C2700C10A85 /* SoldierInput.cpp in Sources */,
				D23B38B717A31C2700C10A85 /* SoldierPhysics.cpp in Sources */,
				D23B38B817A31C2700C10A85 /* Collision.cpp in Sources */,
				D23B38B917A31C2700C10A85 /* debug.cpp in Sources */,
				D23B38BA17A31C2700C10A85 /* Camera.cpp in Sources */,
				D23B38BB17A31C2700C10A85 /* Soldier.cpp in Sources */,
				D23B38BC17A31C2700C10A85 /* g13.cpp in Sources */,
				D23B38BD17A31C2700C10A85 /* Map.cpp in Sources */,
				D23B38BE17A31C2700C10A85 /* Client.cpp in Sources */,
				D23B38BF17A31C2700C10A85 /* msg.cpp in Sources */,
				D23B38C017A31C2700C10A85 /* Multiplayer.cpp in Sources */,
				D23B38C117A31C2700C10A85 /* Player.cpp in Sources */,
				D23B38C217A31C2700C10A85 /* Server.cpp in Sources */,
				D23B38C317A31C2700C10A85 /* res.cpp in Sources */,
				D23B38C417A31C2700C10A85 /* Multiplayer.cpp in Sources */,
				D23B38C517A31C2700C10A85 /* Font.cpp in Sources */,
				D23B38C617A31C2700C10A85 /* gfx.cpp in Sources */,
				D23B38C717A31C2700C10A85 /* color.frag in Sources */,
				D23B38C817A31C2700C10A85 /* color.vert in Sources */,
				D23B38C917A31C2700C10A85 /* sprite.frag in Sources */,
				D23B38CA17A31C2700C10A85 /* sprite.vert in Sources */,
				D23B38CB17A31C2700C10A85 /* text.frag in Sources */,
				D23B38CC17A31C2700C10A85 /* text.vert in Sources */,
				D23B38CD17A31C2700C10A85 /* IBO.cpp in Sources */,
				D23B38CE17A31C2700C10A85 /* Image.cpp in Sources */,
				D23B38CF17A31C2700C10A85 /* Shader.cpp in Sources */,
				D23B38D017A31C2700C10A85 /* Sprite.cpp in Sources */,
				D23B38D117A31C2700C10A85 /* SpriteBatch.cpp in Sources */,
				D23B38D217A31C2700C10A85 /* Text.cpp in Sources */,
				D23B38D317A31C2700C10A85 /* Texture.cpp in Sources */,
				D23B38D417A31C2700C10A85 /* VBO.cpp in Sources */,
				D23B38D517A31C2700C10A85 /* vertex.cpp in Sources */,
				D23B38D617A31C2700C10A85 /* main.cpp in Sources */,
				D23B38D717A31C2700C10A85 /* fixed.cpp in Sources */,
				D23B38D817A31C2700C10A85 /* functions.cpp in Sources */,
				D23B38D917A31C2700C10A85 /* vec2.cpp in Sources */,
				D23B38DA17A31C2700C10A85 /* triangulate.cpp in Sources */,
				D23B38DB17A31C2700C10A85 /* ios.mm in Sources */,
				D23B38DC17A31C2700C10A85 /* sys.cpp in Sources */,
			);
			runOnlyForDeploymentPostprocessing = 0;
		};
/* End PBXSourcesBuildPhase section */

/* Begin PBXVariantGroup section */
		D231FB0F16EAA049003FCBAF /* InfoPlist.strings */ = {
			isa = PBXVariantGroup;
			children = (
				D231FB1016EAA049003FCBAF /* en */,
			);
			name = InfoPlist.strings;
			sourceTree = "<group>";
		};
/* End PBXVariantGroup section */

/* Begin XCBuildConfiguration section */
		D231FB1816EAA049003FCBAF /* Debug */ = {
			isa = XCBuildConfiguration;
			buildSettings = {
				ALWAYS_SEARCH_USER_PATHS = NO;
				ARCHS = "$(ARCHS_STANDARD_32_BIT)";
				CLANG_CXX_LANGUAGE_STANDARD = "gnu++0x";
				CLANG_WARN__DUPLICATE_METHOD_MATCH = YES;
				"CODE_SIGN_IDENTITY[sdk=iphoneos*]" = "iPhone Developer";
				COPY_PHASE_STRIP = NO;
				GCC_C_LANGUAGE_STANDARD = gnu99;
				GCC_DYNAMIC_NO_PIC = NO;
				GCC_OPTIMIZATION_LEVEL = 0;
				GCC_PREPROCESSOR_DEFINITIONS = (
					"DEBUG=1",
					"$(inherited)",
				);
				GCC_SYMBOLS_PRIVATE_EXTERN = NO;
				GCC_VERSION = com.apple.compilers.llvm.clang.1_0;
				GCC_WARN_ABOUT_RETURN_TYPE = YES;
				GCC_WARN_UNINITIALIZED_AUTOS = YES;
				GCC_WARN_UNUSED_VARIABLE = YES;
				IPHONEOS_DEPLOYMENT_TARGET = 5.1;
				SDKROOT = iphoneos;
			};
			name = Debug;
		};
		D231FB1916EAA049003FCBAF /* Release */ = {
			isa = XCBuildConfiguration;
			buildSettings = {
				ALWAYS_SEARCH_USER_PATHS = NO;
				ARCHS = "$(ARCHS_STANDARD_32_BIT)";
				CLANG_CXX_LANGUAGE_STANDARD = "gnu++0x";
				CLANG_WARN__DUPLICATE_METHOD_MATCH = YES;
				"CODE_SIGN_IDENTITY[sdk=iphoneos*]" = "iPhone Developer";
				COPY_PHASE_STRIP = YES;
				GCC_C_LANGUAGE_STANDARD = gnu99;
				GCC_VERSION = com.apple.compilers.llvm.clang.1_0;
				GCC_WARN_ABOUT_RETURN_TYPE = YES;
				GCC_WARN_UNINITIALIZED_AUTOS = YES;
				GCC_WARN_UNUSED_VARIABLE = YES;
				IPHONEOS_DEPLOYMENT_TARGET = 5.1;
				OTHER_CFLAGS = "-DNS_BLOCK_ASSERTIONS=1";
				SDKROOT = iphoneos;
				VALIDATE_PRODUCT = YES;
			};
			name = Release;
		};
		D231FB1B16EAA049003FCBAF /* Debug */ = {
			isa = XCBuildConfiguration;
			buildSettings = {
				"CODE_SIGN_IDENTITY[sdk=iphoneos*]" = "iPhone Developer";
				COMPRESS_PNG_FILES = NO;
				CONFIGURATION_BUILD_DIR = "$(BUILD_DIR)";
				CONFIGURATION_TEMP_DIR = "$(BUILD_DIR)/$(CONFIGURATION)";
				FRAMEWORK_SEARCH_PATHS = /Library/Frameworks;
				GCC_PRECOMPILE_PREFIX_HEADER = NO;
				GCC_PREFIX_HEADER = "";
				GCC_PREPROCESSOR_DEFINITIONS = (
					IPHONE,
					DEBUG,
				);
				GCC_VERSION = "";
				HEADER_SEARCH_PATHS = (
					../../src,
					../../include,
				);
				INFOPLIST_FILE = "G13/G13-Info.plist";
				IPHONEOS_DEPLOYMENT_TARGET = 5.1;
				LIBRARY_SEARCH_PATHS = (
					"$(inherited)",
					"\"$(SRCROOT)/../../lib/ios\"",
				);
				PRODUCT_NAME = "$(TARGET_NAME)";
				"PROVISIONING_PROFILE[sdk=iphoneos*]" = "";
				SYMROOT = ../../bin/ios;
				WRAPPER_EXTENSION = app;
			};
			name = Debug;
		};
		D231FB1C16EAA049003FCBAF /* Release */ = {
			isa = XCBuildConfiguration;
			buildSettings = {
				"CODE_SIGN_IDENTITY[sdk=iphoneos*]" = "iPhone Developer";
				COMPRESS_PNG_FILES = NO;
				CONFIGURATION_BUILD_DIR = "$(BUILD_DIR)";
				CONFIGURATION_TEMP_DIR = "$(BUILD_DIR)/$(CONFIGURATION)";
				FRAMEWORK_SEARCH_PATHS = /Library/Frameworks;
				GCC_PRECOMPILE_PREFIX_HEADER = NO;
				GCC_PREFIX_HEADER = "";
				GCC_PREPROCESSOR_DEFINITIONS = IPHONE;
				GCC_VERSION = "";
				HEADER_SEARCH_PATHS = (
					../../src,
					../../include,
				);
				INFOPLIST_FILE = "G13/G13-Info.plist";
				IPHONEOS_DEPLOYMENT_TARGET = 5.1;
				LIBRARY_SEARCH_PATHS = (
					"$(inherited)",
					"\"$(SRCROOT)/../../lib/ios\"",
				);
				PRODUCT_NAME = "$(TARGET_NAME)";
				"PROVISIONING_PROFILE[sdk=iphoneos*]" = "";
				SYMROOT = ../../bin/ios;
				WRAPPER_EXTENSION = app;
			};
			name = Release;
		};
/* End XCBuildConfiguration section */

/* Begin XCConfigurationList section */
		D231FAFC16EAA049003FCBAF /* Build configuration list for PBXProject "G13" */ = {
			isa = XCConfigurationList;
			buildConfigurations = (
				D231FB1816EAA049003FCBAF /* Debug */,
				D231FB1916EAA049003FCBAF /* Release */,
			);
			defaultConfigurationIsVisible = 0;
			defaultConfigurationName = Debug;
		};
		D231FB1A16EAA049003FCBAF /* Build configuration list for PBXNativeTarget "G13" */ = {
			isa = XCConfigurationList;
			buildConfigurations = (
				D231FB1B16EAA049003FCBAF /* Debug */,
				D231FB1C16EAA049003FCBAF /* Release */,
			);
			defaultConfigurationIsVisible = 0;
			defaultConfigurationName = Debug;
		};
/* End XCConfigurationList section */
	};
	rootObject = D231FAF916EAA049003FCBAF /* Project object */;
}
