// !$*UTF8*$!
{
	archiveVersion = 1;
	classes = {
	};
	objectVersion = 46;
	objects = {

/* Begin PBXBuildFile section */
		D21818251736E6C400C2FFA5 /* Collision.cpp in Sources */ = {isa = PBXBuildFile; fileRef = D21817DB1736E6C400C2FFA5 /* Collision.cpp */; };
		D21818261736E6C400C2FFA5 /* SoldierGraphics.cpp in Sources */ = {isa = PBXBuildFile; fileRef = D21817DE1736E6C400C2FFA5 /* SoldierGraphics.cpp */; };
		D21818271736E6C400C2FFA5 /* SoldierInput.cpp in Sources */ = {isa = PBXBuildFile; fileRef = D21817E01736E6C400C2FFA5 /* SoldierInput.cpp */; };
		D21818281736E6C400C2FFA5 /* SoldierPhysics.cpp in Sources */ = {isa = PBXBuildFile; fileRef = D21817E21736E6C400C2FFA5 /* SoldierPhysics.cpp */; };
		D21818291736E6C400C2FFA5 /* Debugger.cpp in Sources */ = {isa = PBXBuildFile; fileRef = D21817E41736E6C400C2FFA5 /* Debugger.cpp */; };
		D218182A1736E6C400C2FFA5 /* Camera.cpp in Sources */ = {isa = PBXBuildFile; fileRef = D21817E71736E6C400C2FFA5 /* Camera.cpp */; };
		D218182B1736E6C400C2FFA5 /* Soldier.cpp in Sources */ = {isa = PBXBuildFile; fileRef = D21817E91736E6C400C2FFA5 /* Soldier.cpp */; };
		D218182C1736E6C400C2FFA5 /* Game.cpp in Sources */ = {isa = PBXBuildFile; fileRef = D21817EB1736E6C400C2FFA5 /* Game.cpp */; };
		D218182D1736E6C400C2FFA5 /* Map.cpp in Sources */ = {isa = PBXBuildFile; fileRef = D21817ED1736E6C400C2FFA5 /* Map.cpp */; };
		D218182E1736E6C400C2FFA5 /* Replay.cpp in Sources */ = {isa = PBXBuildFile; fileRef = D21817EF1736E6C400C2FFA5 /* Replay.cpp */; };
		D218182F1736E6C400C2FFA5 /* MainScene.cpp in Sources */ = {isa = PBXBuildFile; fileRef = D21817F31736E6C400C2FFA5 /* MainScene.cpp */; };
		D21818301736E6C400C2FFA5 /* Graphics.cpp in Sources */ = {isa = PBXBuildFile; fileRef = D21817F61736E6C400C2FFA5 /* Graphics.cpp */; };
		D21818311736E6C400C2FFA5 /* Shader.cpp in Sources */ = {isa = PBXBuildFile; fileRef = D21817F91736E6C400C2FFA5 /* Shader.cpp */; };
		D21818321736E6C400C2FFA5 /* Sprite.cpp in Sources */ = {isa = PBXBuildFile; fileRef = D21817FC1736E6C400C2FFA5 /* Sprite.cpp */; };
		D21818331736E6C400C2FFA5 /* SpriteBatch.cpp in Sources */ = {isa = PBXBuildFile; fileRef = D21817FE1736E6C400C2FFA5 /* SpriteBatch.cpp */; };
		D21818341736E6C400C2FFA5 /* Texture.cpp in Sources */ = {isa = PBXBuildFile; fileRef = D21818001736E6C400C2FFA5 /* Texture.cpp */; };
		D21818351736E6C400C2FFA5 /* VBO.cpp in Sources */ = {isa = PBXBuildFile; fileRef = D21818021736E6C400C2FFA5 /* VBO.cpp */; };
		D21818361736E6C400C2FFA5 /* Vertex.cpp in Sources */ = {isa = PBXBuildFile; fileRef = D21818041736E6C400C2FFA5 /* Vertex.cpp */; };
		D21818371736E6C400C2FFA5 /* main.cpp in Sources */ = {isa = PBXBuildFile; fileRef = D21818061736E6C400C2FFA5 /* main.cpp */; };
		D21818381736E6C400C2FFA5 /* fixed.cpp in Sources */ = {isa = PBXBuildFile; fileRef = D21818091736E6C400C2FFA5 /* fixed.cpp */; };
		D21818391736E6C400C2FFA5 /* functions.cpp in Sources */ = {isa = PBXBuildFile; fileRef = D218180C1736E6C400C2FFA5 /* functions.cpp */; };
		D218183A1736E6C400C2FFA5 /* Triangle.cpp in Sources */ = {isa = PBXBuildFile; fileRef = D21818131736E6C400C2FFA5 /* Triangle.cpp */; };
		D218183B1736E6C400C2FFA5 /* triangulate.cpp in Sources */ = {isa = PBXBuildFile; fileRef = D21818151736E6C400C2FFA5 /* triangulate.cpp */; };
		D218183C1736E6C400C2FFA5 /* Application.cpp in Sources */ = {isa = PBXBuildFile; fileRef = D21818171736E6C400C2FFA5 /* Application.cpp */; };
		D218183D1736E6C400C2FFA5 /* Clock.cpp in Sources */ = {isa = PBXBuildFile; fileRef = D21818191736E6C400C2FFA5 /* Clock.cpp */; };
		D218183E1736E6C400C2FFA5 /* ios.mm in Sources */ = {isa = PBXBuildFile; fileRef = D218181D1736E6C400C2FFA5 /* ios.mm */; };
		D218183F1736E6C400C2FFA5 /* Keyboard.cpp in Sources */ = {isa = PBXBuildFile; fileRef = D218181E1736E6C400C2FFA5 /* Keyboard.cpp */; };
		D21818401736E6C400C2FFA5 /* Mouse.cpp in Sources */ = {isa = PBXBuildFile; fileRef = D21818201736E6C400C2FFA5 /* Mouse.cpp */; };
		D21818411736E6C400C2FFA5 /* Window.cpp in Sources */ = {isa = PBXBuildFile; fileRef = D21818231736E6C400C2FFA5 /* Window.cpp */; };
		D21818431736E6F300C2FFA5 /* libfixmath.a in Frameworks */ = {isa = PBXBuildFile; fileRef = D21818421736E6F300C2FFA5 /* libfixmath.a */; };
		D231FB0716EAA049003FCBAF /* UIKit.framework in Frameworks */ = {isa = PBXBuildFile; fileRef = D231FB0616EAA049003FCBAF /* UIKit.framework */; };
		D231FB0916EAA049003FCBAF /* Foundation.framework in Frameworks */ = {isa = PBXBuildFile; fileRef = D231FB0816EAA049003FCBAF /* Foundation.framework */; };
		D231FB0B16EAA049003FCBAF /* CoreGraphics.framework in Frameworks */ = {isa = PBXBuildFile; fileRef = D231FB0A16EAA049003FCBAF /* CoreGraphics.framework */; };
		D231FB1116EAA049003FCBAF /* InfoPlist.strings in Resources */ = {isa = PBXBuildFile; fileRef = D231FB0F16EAA049003FCBAF /* InfoPlist.strings */; };
		D231FB1E16EAA0DE003FCBAF /* OpenGLES.framework in Frameworks */ = {isa = PBXBuildFile; fileRef = D231FB1D16EAA0DE003FCBAF /* OpenGLES.framework */; };
		D231FB5616EAA704003FCBAF /* QuartzCore.framework in Frameworks */ = {isa = PBXBuildFile; fileRef = D231FB5516EAA704003FCBAF /* QuartzCore.framework */; };
		D29C992216EFBF050012981B /* libz.dylib in Frameworks */ = {isa = PBXBuildFile; fileRef = D29C992116EFBF050012981B /* libz.dylib */; };
		D29C992716EFC0250012981B /* UnixImageIO.framework in Frameworks */ = {isa = PBXBuildFile; fileRef = D29C992616EFC0250012981B /* UnixImageIO.framework */; };
		D2DD176716ED3E48000A7482 /* data in Resources */ = {isa = PBXBuildFile; fileRef = D2DD176616ED3E48000A7482 /* data */; };
/* End PBXBuildFile section */

/* Begin PBXFileReference section */
		D21817DA1736E6C400C2FFA5 /* Animation.h */ = {isa = PBXFileReference; fileEncoding = 4; lastKnownFileType = sourcecode.c.h; path = Animation.h; sourceTree = "<group>"; };
		D21817DB1736E6C400C2FFA5 /* Collision.cpp */ = {isa = PBXFileReference; fileEncoding = 4; lastKnownFileType = sourcecode.cpp.cpp; path = Collision.cpp; sourceTree = "<group>"; };
		D21817DC1736E6C400C2FFA5 /* Collision.h */ = {isa = PBXFileReference; fileEncoding = 4; lastKnownFileType = sourcecode.c.h; path = Collision.h; sourceTree = "<group>"; };
		D21817DE1736E6C400C2FFA5 /* SoldierGraphics.cpp */ = {isa = PBXFileReference; fileEncoding = 4; lastKnownFileType = sourcecode.cpp.cpp; path = SoldierGraphics.cpp; sourceTree = "<group>"; };
		D21817DF1736E6C400C2FFA5 /* SoldierGraphics.h */ = {isa = PBXFileReference; fileEncoding = 4; lastKnownFileType = sourcecode.c.h; path = SoldierGraphics.h; sourceTree = "<group>"; };
		D21817E01736E6C400C2FFA5 /* SoldierInput.cpp */ = {isa = PBXFileReference; fileEncoding = 4; lastKnownFileType = sourcecode.cpp.cpp; path = SoldierInput.cpp; sourceTree = "<group>"; };
		D21817E11736E6C400C2FFA5 /* SoldierInput.h */ = {isa = PBXFileReference; fileEncoding = 4; lastKnownFileType = sourcecode.c.h; path = SoldierInput.h; sourceTree = "<group>"; };
		D21817E21736E6C400C2FFA5 /* SoldierPhysics.cpp */ = {isa = PBXFileReference; fileEncoding = 4; lastKnownFileType = sourcecode.cpp.cpp; path = SoldierPhysics.cpp; sourceTree = "<group>"; };
		D21817E31736E6C400C2FFA5 /* SoldierPhysics.h */ = {isa = PBXFileReference; fileEncoding = 4; lastKnownFileType = sourcecode.c.h; path = SoldierPhysics.h; sourceTree = "<group>"; };
		D21817E41736E6C400C2FFA5 /* Debugger.cpp */ = {isa = PBXFileReference; fileEncoding = 4; lastKnownFileType = sourcecode.cpp.cpp; path = Debugger.cpp; sourceTree = "<group>"; };
		D21817E51736E6C400C2FFA5 /* Debugger.h */ = {isa = PBXFileReference; fileEncoding = 4; lastKnownFileType = sourcecode.c.h; path = Debugger.h; sourceTree = "<group>"; };
		D21817E71736E6C400C2FFA5 /* Camera.cpp */ = {isa = PBXFileReference; fileEncoding = 4; lastKnownFileType = sourcecode.cpp.cpp; path = Camera.cpp; sourceTree = "<group>"; };
		D21817E81736E6C400C2FFA5 /* Camera.h */ = {isa = PBXFileReference; fileEncoding = 4; lastKnownFileType = sourcecode.c.h; path = Camera.h; sourceTree = "<group>"; };
		D21817E91736E6C400C2FFA5 /* Soldier.cpp */ = {isa = PBXFileReference; fileEncoding = 4; lastKnownFileType = sourcecode.cpp.cpp; path = Soldier.cpp; sourceTree = "<group>"; };
		D21817EA1736E6C400C2FFA5 /* Soldier.h */ = {isa = PBXFileReference; fileEncoding = 4; lastKnownFileType = sourcecode.c.h; path = Soldier.h; sourceTree = "<group>"; };
		D21817EB1736E6C400C2FFA5 /* Game.cpp */ = {isa = PBXFileReference; fileEncoding = 4; lastKnownFileType = sourcecode.cpp.cpp; path = Game.cpp; sourceTree = "<group>"; };
		D21817EC1736E6C400C2FFA5 /* Game.h */ = {isa = PBXFileReference; fileEncoding = 4; lastKnownFileType = sourcecode.c.h; path = Game.h; sourceTree = "<group>"; };
		D21817ED1736E6C400C2FFA5 /* Map.cpp */ = {isa = PBXFileReference; fileEncoding = 4; lastKnownFileType = sourcecode.cpp.cpp; path = Map.cpp; sourceTree = "<group>"; };
		D21817EE1736E6C400C2FFA5 /* Map.h */ = {isa = PBXFileReference; fileEncoding = 4; lastKnownFileType = sourcecode.c.h; path = Map.h; sourceTree = "<group>"; };
		D21817EF1736E6C400C2FFA5 /* Replay.cpp */ = {isa = PBXFileReference; fileEncoding = 4; lastKnownFileType = sourcecode.cpp.cpp; path = Replay.cpp; sourceTree = "<group>"; };
		D21817F01736E6C400C2FFA5 /* Replay.h */ = {isa = PBXFileReference; fileEncoding = 4; lastKnownFileType = sourcecode.c.h; path = Replay.h; sourceTree = "<group>"; };
		D21817F11736E6C400C2FFA5 /* Scene.h */ = {isa = PBXFileReference; fileEncoding = 4; lastKnownFileType = sourcecode.c.h; path = Scene.h; sourceTree = "<group>"; };
		D21817F31736E6C400C2FFA5 /* MainScene.cpp */ = {isa = PBXFileReference; fileEncoding = 4; lastKnownFileType = sourcecode.cpp.cpp; path = MainScene.cpp; sourceTree = "<group>"; };
		D21817F41736E6C400C2FFA5 /* MainScene.h */ = {isa = PBXFileReference; fileEncoding = 4; lastKnownFileType = sourcecode.c.h; path = MainScene.h; sourceTree = "<group>"; };
		D21817F61736E6C400C2FFA5 /* Graphics.cpp */ = {isa = PBXFileReference; fileEncoding = 4; lastKnownFileType = sourcecode.cpp.cpp; path = Graphics.cpp; sourceTree = "<group>"; };
		D21817F71736E6C400C2FFA5 /* Graphics.h */ = {isa = PBXFileReference; fileEncoding = 4; lastKnownFileType = sourcecode.c.h; path = Graphics.h; sourceTree = "<group>"; };
		D21817F81736E6C400C2FFA5 /* OpenGL.h */ = {isa = PBXFileReference; fileEncoding = 4; lastKnownFileType = sourcecode.c.h; path = OpenGL.h; sourceTree = "<group>"; };
		D21817F91736E6C400C2FFA5 /* Shader.cpp */ = {isa = PBXFileReference; fileEncoding = 4; lastKnownFileType = sourcecode.cpp.cpp; path = Shader.cpp; sourceTree = "<group>"; };
		D21817FA1736E6C400C2FFA5 /* Shader.h */ = {isa = PBXFileReference; fileEncoding = 4; lastKnownFileType = sourcecode.c.h; path = Shader.h; sourceTree = "<group>"; };
		D21817FB1736E6C400C2FFA5 /* shaders.h */ = {isa = PBXFileReference; fileEncoding = 4; lastKnownFileType = sourcecode.c.h; path = shaders.h; sourceTree = "<group>"; };
		D21817FC1736E6C400C2FFA5 /* Sprite.cpp */ = {isa = PBXFileReference; fileEncoding = 4; lastKnownFileType = sourcecode.cpp.cpp; path = Sprite.cpp; sourceTree = "<group>"; };
		D21817FD1736E6C400C2FFA5 /* Sprite.h */ = {isa = PBXFileReference; fileEncoding = 4; lastKnownFileType = sourcecode.c.h; path = Sprite.h; sourceTree = "<group>"; };
		D21817FE1736E6C400C2FFA5 /* SpriteBatch.cpp */ = {isa = PBXFileReference; fileEncoding = 4; lastKnownFileType = sourcecode.cpp.cpp; path = SpriteBatch.cpp; sourceTree = "<group>"; };
		D21817FF1736E6C400C2FFA5 /* SpriteBatch.h */ = {isa = PBXFileReference; fileEncoding = 4; lastKnownFileType = sourcecode.c.h; path = SpriteBatch.h; sourceTree = "<group>"; };
		D21818001736E6C400C2FFA5 /* Texture.cpp */ = {isa = PBXFileReference; fileEncoding = 4; lastKnownFileType = sourcecode.cpp.cpp; path = Texture.cpp; sourceTree = "<group>"; };
		D21818011736E6C400C2FFA5 /* Texture.h */ = {isa = PBXFileReference; fileEncoding = 4; lastKnownFileType = sourcecode.c.h; path = Texture.h; sourceTree = "<group>"; };
		D21818021736E6C400C2FFA5 /* VBO.cpp */ = {isa = PBXFileReference; fileEncoding = 4; lastKnownFileType = sourcecode.cpp.cpp; path = VBO.cpp; sourceTree = "<group>"; };
		D21818031736E6C400C2FFA5 /* VBO.h */ = {isa = PBXFileReference; fileEncoding = 4; lastKnownFileType = sourcecode.c.h; path = VBO.h; sourceTree = "<group>"; };
		D21818041736E6C400C2FFA5 /* Vertex.cpp */ = {isa = PBXFileReference; fileEncoding = 4; lastKnownFileType = sourcecode.cpp.cpp; path = Vertex.cpp; sourceTree = "<group>"; };
		D21818051736E6C400C2FFA5 /* Vertex.h */ = {isa = PBXFileReference; fileEncoding = 4; lastKnownFileType = sourcecode.c.h; path = Vertex.h; sourceTree = "<group>"; };
		D21818061736E6C400C2FFA5 /* main.cpp */ = {isa = PBXFileReference; fileEncoding = 4; lastKnownFileType = sourcecode.cpp.cpp; path = main.cpp; sourceTree = "<group>"; };
		D21818091736E6C400C2FFA5 /* fixed.cpp */ = {isa = PBXFileReference; fileEncoding = 4; lastKnownFileType = sourcecode.cpp.cpp; path = fixed.cpp; sourceTree = "<group>"; };
		D218180A1736E6C400C2FFA5 /* fixed.h */ = {isa = PBXFileReference; fileEncoding = 4; lastKnownFileType = sourcecode.c.h; path = fixed.h; sourceTree = "<group>"; };
		D218180B1736E6C400C2FFA5 /* fpm.h */ = {isa = PBXFileReference; fileEncoding = 4; lastKnownFileType = sourcecode.c.h; path = fpm.h; sourceTree = "<group>"; };
		D218180C1736E6C400C2FFA5 /* functions.cpp */ = {isa = PBXFileReference; fileEncoding = 4; lastKnownFileType = sourcecode.cpp.cpp; path = functions.cpp; sourceTree = "<group>"; };
		D218180D1736E6C400C2FFA5 /* functions.h */ = {isa = PBXFileReference; fileEncoding = 4; lastKnownFileType = sourcecode.c.h; path = functions.h; sourceTree = "<group>"; };
		D218180E1736E6C400C2FFA5 /* line.h */ = {isa = PBXFileReference; fileEncoding = 4; lastKnownFileType = sourcecode.c.h; path = line.h; sourceTree = "<group>"; };
		D218180F1736E6C400C2FFA5 /* rect.h */ = {isa = PBXFileReference; fileEncoding = 4; lastKnownFileType = sourcecode.c.h; path = rect.h; sourceTree = "<group>"; };
		D21818101736E6C400C2FFA5 /* vec2.h */ = {isa = PBXFileReference; fileEncoding = 4; lastKnownFileType = sourcecode.c.h; path = vec2.h; sourceTree = "<group>"; };
		D21818111736E6C400C2FFA5 /* interpolable.h */ = {isa = PBXFileReference; fileEncoding = 4; lastKnownFileType = sourcecode.c.h; path = interpolable.h; sourceTree = "<group>"; };
		D21818121736E6C400C2FFA5 /* math.h */ = {isa = PBXFileReference; fileEncoding = 4; lastKnownFileType = sourcecode.c.h; path = math.h; sourceTree = "<group>"; };
		D21818131736E6C400C2FFA5 /* Triangle.cpp */ = {isa = PBXFileReference; fileEncoding = 4; lastKnownFileType = sourcecode.cpp.cpp; path = Triangle.cpp; sourceTree = "<group>"; };
		D21818141736E6C400C2FFA5 /* Triangle.h */ = {isa = PBXFileReference; fileEncoding = 4; lastKnownFileType = sourcecode.c.h; path = Triangle.h; sourceTree = "<group>"; };
		D21818151736E6C400C2FFA5 /* triangulate.cpp */ = {isa = PBXFileReference; fileEncoding = 4; lastKnownFileType = sourcecode.cpp.cpp; path = triangulate.cpp; sourceTree = "<group>"; };
		D21818171736E6C400C2FFA5 /* Application.cpp */ = {isa = PBXFileReference; fileEncoding = 4; lastKnownFileType = sourcecode.cpp.cpp; path = Application.cpp; sourceTree = "<group>"; };
		D21818181736E6C400C2FFA5 /* Application.h */ = {isa = PBXFileReference; fileEncoding = 4; lastKnownFileType = sourcecode.c.h; path = Application.h; sourceTree = "<group>"; };
		D21818191736E6C400C2FFA5 /* Clock.cpp */ = {isa = PBXFileReference; fileEncoding = 4; lastKnownFileType = sourcecode.cpp.cpp; path = Clock.cpp; sourceTree = "<group>"; };
		D218181A1736E6C400C2FFA5 /* Clock.h */ = {isa = PBXFileReference; fileEncoding = 4; lastKnownFileType = sourcecode.c.h; path = Clock.h; sourceTree = "<group>"; };
		D218181B1736E6C400C2FFA5 /* Event.h */ = {isa = PBXFileReference; fileEncoding = 4; lastKnownFileType = sourcecode.c.h; path = Event.h; sourceTree = "<group>"; };
		D218181C1736E6C400C2FFA5 /* ios.h */ = {isa = PBXFileReference; fileEncoding = 4; lastKnownFileType = sourcecode.c.h; path = ios.h; sourceTree = "<group>"; };
		D218181D1736E6C400C2FFA5 /* ios.mm */ = {isa = PBXFileReference; fileEncoding = 4; lastKnownFileType = sourcecode.cpp.objcpp; path = ios.mm; sourceTree = "<group>"; };
		D218181E1736E6C400C2FFA5 /* Keyboard.cpp */ = {isa = PBXFileReference; fileEncoding = 4; lastKnownFileType = sourcecode.cpp.cpp; path = Keyboard.cpp; sourceTree = "<group>"; };
		D218181F1736E6C400C2FFA5 /* Keyboard.h */ = {isa = PBXFileReference; fileEncoding = 4; lastKnownFileType = sourcecode.c.h; path = Keyboard.h; sourceTree = "<group>"; };
		D21818201736E6C400C2FFA5 /* Mouse.cpp */ = {isa = PBXFileReference; fileEncoding = 4; lastKnownFileType = sourcecode.cpp.cpp; path = Mouse.cpp; sourceTree = "<group>"; };
		D21818211736E6C400C2FFA5 /* Mouse.h */ = {isa = PBXFileReference; fileEncoding = 4; lastKnownFileType = sourcecode.c.h; path = Mouse.h; sourceTree = "<group>"; };
		D21818221736E6C400C2FFA5 /* platform.h */ = {isa = PBXFileReference; fileEncoding = 4; lastKnownFileType = sourcecode.c.h; path = platform.h; sourceTree = "<group>"; };
		D21818231736E6C400C2FFA5 /* Window.cpp */ = {isa = PBXFileReference; fileEncoding = 4; lastKnownFileType = sourcecode.cpp.cpp; path = Window.cpp; sourceTree = "<group>"; };
		D21818241736E6C400C2FFA5 /* Window.h */ = {isa = PBXFileReference; fileEncoding = 4; lastKnownFileType = sourcecode.c.h; path = Window.h; sourceTree = "<group>"; };
		D21818421736E6F300C2FFA5 /* libfixmath.a */ = {isa = PBXFileReference; explicitFileType = "compiled.mach-o.objfile"; name = libfixmath.a; path = ../../../libfixmath/libfixmath/libfixmath.a; sourceTree = "<group>"; };
		D231FB0216EAA049003FCBAF /* G13.app */ = {isa = PBXFileReference; explicitFileType = wrapper.application; includeInIndex = 0; path = G13.app; sourceTree = BUILT_PRODUCTS_DIR; };
		D231FB0616EAA049003FCBAF /* UIKit.framework */ = {isa = PBXFileReference; lastKnownFileType = wrapper.framework; name = UIKit.framework; path = System/Library/Frameworks/UIKit.framework; sourceTree = SDKROOT; };
		D231FB0816EAA049003FCBAF /* Foundation.framework */ = {isa = PBXFileReference; lastKnownFileType = wrapper.framework; name = Foundation.framework; path = System/Library/Frameworks/Foundation.framework; sourceTree = SDKROOT; };
		D231FB0A16EAA049003FCBAF /* CoreGraphics.framework */ = {isa = PBXFileReference; lastKnownFileType = wrapper.framework; name = CoreGraphics.framework; path = System/Library/Frameworks/CoreGraphics.framework; sourceTree = SDKROOT; };
		D231FB0E16EAA049003FCBAF /* G13-Info.plist */ = {isa = PBXFileReference; lastKnownFileType = text.plist.xml; path = "G13-Info.plist"; sourceTree = "<group>"; };
		D231FB1016EAA049003FCBAF /* en */ = {isa = PBXFileReference; lastKnownFileType = text.plist.strings; name = en; path = en.lproj/InfoPlist.strings; sourceTree = "<group>"; };
		D231FB1D16EAA0DE003FCBAF /* OpenGLES.framework */ = {isa = PBXFileReference; lastKnownFileType = wrapper.framework; name = OpenGLES.framework; path = System/Library/Frameworks/OpenGLES.framework; sourceTree = SDKROOT; };
		D231FB5516EAA704003FCBAF /* QuartzCore.framework */ = {isa = PBXFileReference; lastKnownFileType = wrapper.framework; name = QuartzCore.framework; path = System/Library/Frameworks/QuartzCore.framework; sourceTree = SDKROOT; };
		D29C992116EFBF050012981B /* libz.dylib */ = {isa = PBXFileReference; lastKnownFileType = "compiled.mach-o.dylib"; name = libz.dylib; path = usr/lib/libz.dylib; sourceTree = SDKROOT; };
		D29C992616EFC0250012981B /* UnixImageIO.framework */ = {isa = PBXFileReference; lastKnownFileType = wrapper.framework; name = UnixImageIO.framework; path = /Library/Frameworks/UnixImageIO.framework; sourceTree = "<absolute>"; };
		D2DD176616ED3E48000A7482 /* data */ = {isa = PBXFileReference; lastKnownFileType = folder; name = data; path = ../../../data; sourceTree = "<group>"; };
/* End PBXFileReference section */

/* Begin PBXFrameworksBuildPhase section */
		D231FAFF16EAA049003FCBAF /* Frameworks */ = {
			isa = PBXFrameworksBuildPhase;
			buildActionMask = 2147483647;
			files = (
				D29C992716EFC0250012981B /* UnixImageIO.framework in Frameworks */,
				D29C992216EFBF050012981B /* libz.dylib in Frameworks */,
				D231FB5616EAA704003FCBAF /* QuartzCore.framework in Frameworks */,
				D231FB1E16EAA0DE003FCBAF /* OpenGLES.framework in Frameworks */,
				D231FB0716EAA049003FCBAF /* UIKit.framework in Frameworks */,
				D231FB0916EAA049003FCBAF /* Foundation.framework in Frameworks */,
				D231FB0B16EAA049003FCBAF /* CoreGraphics.framework in Frameworks */,
				D21818431736E6F300C2FFA5 /* libfixmath.a in Frameworks */,
			);
			runOnlyForDeploymentPostprocessing = 0;
		};
/* End PBXFrameworksBuildPhase section */

/* Begin PBXGroup section */
		D21817D81736E6C400C2FFA5 /* src */ = {
			isa = PBXGroup;
			children = (
				D21817D91736E6C400C2FFA5 /* Game */,
				D21817F51736E6C400C2FFA5 /* Graphics */,
				D21818061736E6C400C2FFA5 /* main.cpp */,
				D21818071736E6C400C2FFA5 /* Math */,
				D21818161736E6C400C2FFA5 /* System */,
			);
			name = src;
			path = ../../../src;
			sourceTree = "<group>";
		};
		D21817D91736E6C400C2FFA5 /* Game */ = {
			isa = PBXGroup;
			children = (
				D21817DA1736E6C400C2FFA5 /* Animation.h */,
				D21817DB1736E6C400C2FFA5 /* Collision.cpp */,
				D21817DC1736E6C400C2FFA5 /* Collision.h */,
				D21817DD1736E6C400C2FFA5 /* Components */,
				D21817E41736E6C400C2FFA5 /* Debugger.cpp */,
				D21817E51736E6C400C2FFA5 /* Debugger.h */,
				D21817E61736E6C400C2FFA5 /* Entities */,
				D21817EB1736E6C400C2FFA5 /* Game.cpp */,
				D21817EC1736E6C400C2FFA5 /* Game.h */,
				D21817ED1736E6C400C2FFA5 /* Map.cpp */,
				D21817EE1736E6C400C2FFA5 /* Map.h */,
				D21817EF1736E6C400C2FFA5 /* Replay.cpp */,
				D21817F01736E6C400C2FFA5 /* Replay.h */,
				D21817F11736E6C400C2FFA5 /* Scene.h */,
				D21817F21736E6C400C2FFA5 /* Scenes */,
			);
			path = Game;
			sourceTree = "<group>";
		};
		D21817DD1736E6C400C2FFA5 /* Components */ = {
			isa = PBXGroup;
			children = (
				D21817DE1736E6C400C2FFA5 /* SoldierGraphics.cpp */,
				D21817DF1736E6C400C2FFA5 /* SoldierGraphics.h */,
				D21817E01736E6C400C2FFA5 /* SoldierInput.cpp */,
				D21817E11736E6C400C2FFA5 /* SoldierInput.h */,
				D21817E21736E6C400C2FFA5 /* SoldierPhysics.cpp */,
				D21817E31736E6C400C2FFA5 /* SoldierPhysics.h */,
			);
			path = Components;
			sourceTree = "<group>";
		};
		D21817E61736E6C400C2FFA5 /* Entities */ = {
			isa = PBXGroup;
			children = (
				D21817E71736E6C400C2FFA5 /* Camera.cpp */,
				D21817E81736E6C400C2FFA5 /* Camera.h */,
				D21817E91736E6C400C2FFA5 /* Soldier.cpp */,
				D21817EA1736E6C400C2FFA5 /* Soldier.h */,
			);
			path = Entities;
			sourceTree = "<group>";
		};
		D21817F21736E6C400C2FFA5 /* Scenes */ = {
			isa = PBXGroup;
			children = (
				D21817F31736E6C400C2FFA5 /* MainScene.cpp */,
				D21817F41736E6C400C2FFA5 /* MainScene.h */,
			);
			path = Scenes;
			sourceTree = "<group>";
		};
		D21817F51736E6C400C2FFA5 /* Graphics */ = {
			isa = PBXGroup;
			children = (
				D21817F61736E6C400C2FFA5 /* Graphics.cpp */,
				D21817F71736E6C400C2FFA5 /* Graphics.h */,
				D21817F81736E6C400C2FFA5 /* OpenGL.h */,
				D21817F91736E6C400C2FFA5 /* Shader.cpp */,
				D21817FA1736E6C400C2FFA5 /* Shader.h */,
				D21817FB1736E6C400C2FFA5 /* shaders.h */,
				D21817FC1736E6C400C2FFA5 /* Sprite.cpp */,
				D21817FD1736E6C400C2FFA5 /* Sprite.h */,
				D21817FE1736E6C400C2FFA5 /* SpriteBatch.cpp */,
				D21817FF1736E6C400C2FFA5 /* SpriteBatch.h */,
				D21818001736E6C400C2FFA5 /* Texture.cpp */,
				D21818011736E6C400C2FFA5 /* Texture.h */,
				D21818021736E6C400C2FFA5 /* VBO.cpp */,
				D21818031736E6C400C2FFA5 /* VBO.h */,
				D21818041736E6C400C2FFA5 /* Vertex.cpp */,
				D21818051736E6C400C2FFA5 /* Vertex.h */,
			);
			path = Graphics;
			sourceTree = "<group>";
		};
		D21818071736E6C400C2FFA5 /* Math */ = {
			isa = PBXGroup;
			children = (
				D21818081736E6C400C2FFA5 /* fpm */,
				D21818111736E6C400C2FFA5 /* interpolable.h */,
				D21818121736E6C400C2FFA5 /* math.h */,
				D21818131736E6C400C2FFA5 /* Triangle.cpp */,
				D21818141736E6C400C2FFA5 /* Triangle.h */,
				D21818151736E6C400C2FFA5 /* triangulate.cpp */,
			);
			path = Math;
			sourceTree = "<group>";
		};
		D21818081736E6C400C2FFA5 /* fpm */ = {
			isa = PBXGroup;
			children = (
				D21818091736E6C400C2FFA5 /* fixed.cpp */,
				D218180A1736E6C400C2FFA5 /* fixed.h */,
				D218180B1736E6C400C2FFA5 /* fpm.h */,
				D218180C1736E6C400C2FFA5 /* functions.cpp */,
				D218180D1736E6C400C2FFA5 /* functions.h */,
				D218180E1736E6C400C2FFA5 /* line.h */,
				D218180F1736E6C400C2FFA5 /* rect.h */,
				D21818101736E6C400C2FFA5 /* vec2.h */,
			);
			path = fpm;
			sourceTree = "<group>";
		};
		D21818161736E6C400C2FFA5 /* System */ = {
			isa = PBXGroup;
			children = (
				D21818171736E6C400C2FFA5 /* Application.cpp */,
				D21818181736E6C400C2FFA5 /* Application.h */,
				D21818191736E6C400C2FFA5 /* Clock.cpp */,
				D218181A1736E6C400C2FFA5 /* Clock.h */,
				D218181B1736E6C400C2FFA5 /* Event.h */,
				D218181C1736E6C400C2FFA5 /* ios.h */,
				D218181D1736E6C400C2FFA5 /* ios.mm */,
				D218181E1736E6C400C2FFA5 /* Keyboard.cpp */,
				D218181F1736E6C400C2FFA5 /* Keyboard.h */,
				D21818201736E6C400C2FFA5 /* Mouse.cpp */,
				D21818211736E6C400C2FFA5 /* Mouse.h */,
				D21818221736E6C400C2FFA5 /* platform.h */,
				D21818231736E6C400C2FFA5 /* Window.cpp */,
				D21818241736E6C400C2FFA5 /* Window.h */,
			);
			path = System;
			sourceTree = "<group>";
		};
		D231FAF716EAA049003FCBAF = {
			isa = PBXGroup;
			children = (
				D231FB0C16EAA049003FCBAF /* G13 */,
				D231FB0516EAA049003FCBAF /* Frameworks */,
				D231FB0316EAA049003FCBAF /* Products */,
			);
			sourceTree = "<group>";
		};
		D231FB0316EAA049003FCBAF /* Products */ = {
			isa = PBXGroup;
			children = (
				D231FB0216EAA049003FCBAF /* G13.app */,
			);
			name = Products;
			sourceTree = "<group>";
		};
		D231FB0516EAA049003FCBAF /* Frameworks */ = {
			isa = PBXGroup;
			children = (
				D21818421736E6F300C2FFA5 /* libfixmath.a */,
				D29C992116EFBF050012981B /* libz.dylib */,
				D29C992616EFC0250012981B /* UnixImageIO.framework */,
				D231FB5516EAA704003FCBAF /* QuartzCore.framework */,
				D231FB1D16EAA0DE003FCBAF /* OpenGLES.framework */,
				D231FB0616EAA049003FCBAF /* UIKit.framework */,
				D231FB0816EAA049003FCBAF /* Foundation.framework */,
				D231FB0A16EAA049003FCBAF /* CoreGraphics.framework */,
			);
			name = Frameworks;
			sourceTree = "<group>";
		};
		D231FB0C16EAA049003FCBAF /* G13 */ = {
			isa = PBXGroup;
			children = (
				D21817D81736E6C400C2FFA5 /* src */,
				D2DD176616ED3E48000A7482 /* data */,
				D231FB0D16EAA049003FCBAF /* Supporting Files */,
			);
			path = G13;
			sourceTree = "<group>";
		};
		D231FB0D16EAA049003FCBAF /* Supporting Files */ = {
			isa = PBXGroup;
			children = (
				D231FB0E16EAA049003FCBAF /* G13-Info.plist */,
				D231FB0F16EAA049003FCBAF /* InfoPlist.strings */,
			);
			name = "Supporting Files";
			sourceTree = "<group>";
		};
/* End PBXGroup section */

/* Begin PBXNativeTarget section */
		D231FB0116EAA049003FCBAF /* G13 */ = {
			isa = PBXNativeTarget;
			buildConfigurationList = D231FB1A16EAA049003FCBAF /* Build configuration list for PBXNativeTarget "G13" */;
			buildPhases = (
				D231FAFE16EAA049003FCBAF /* Sources */,
				D231FAFF16EAA049003FCBAF /* Frameworks */,
				D231FB0016EAA049003FCBAF /* Resources */,
			);
			buildRules = (
			);
			dependencies = (
			);
			name = G13;
			productName = G13;
			productReference = D231FB0216EAA049003FCBAF /* G13.app */;
			productType = "com.apple.product-type.application";
		};
/* End PBXNativeTarget section */

/* Begin PBXProject section */
		D231FAF916EAA049003FCBAF /* Project object */ = {
			isa = PBXProject;
			attributes = {
				LastUpgradeCheck = 0440;
				ORGANIZATIONNAME = "Perro Azul";
			};
			buildConfigurationList = D231FAFC16EAA049003FCBAF /* Build configuration list for PBXProject "G13" */;
			compatibilityVersion = "Xcode 3.2";
			developmentRegion = English;
			hasScannedForEncodings = 0;
			knownRegions = (
				en,
			);
			mainGroup = D231FAF716EAA049003FCBAF;
			productRefGroup = D231FB0316EAA049003FCBAF /* Products */;
			projectDirPath = "";
			projectRoot = "";
			targets = (
				D231FB0116EAA049003FCBAF /* G13 */,
			);
		};
/* End PBXProject section */

/* Begin PBXResourcesBuildPhase section */
		D231FB0016EAA049003FCBAF /* Resources */ = {
			isa = PBXResourcesBuildPhase;
			buildActionMask = 2147483647;
			files = (
				D231FB1116EAA049003FCBAF /* InfoPlist.strings in Resources */,
				D2DD176716ED3E48000A7482 /* data in Resources */,
			);
			runOnlyForDeploymentPostprocessing = 0;
		};
/* End PBXResourcesBuildPhase section */

/* Begin PBXSourcesBuildPhase section */
		D231FAFE16EAA049003FCBAF /* Sources */ = {
			isa = PBXSourcesBuildPhase;
			buildActionMask = 2147483647;
			files = (
				D21818251736E6C400C2FFA5 /* Collision.cpp in Sources */,
				D21818261736E6C400C2FFA5 /* SoldierGraphics.cpp in Sources */,
				D21818271736E6C400C2FFA5 /* SoldierInput.cpp in Sources */,
				D21818281736E6C400C2FFA5 /* SoldierPhysics.cpp in Sources */,
				D21818291736E6C400C2FFA5 /* Debugger.cpp in Sources */,
				D218182A1736E6C400C2FFA5 /* Camera.cpp in Sources */,
				D218182B1736E6C400C2FFA5 /* Soldier.cpp in Sources */,
				D218182C1736E6C400C2FFA5 /* Game.cpp in Sources */,
				D218182D1736E6C400C2FFA5 /* Map.cpp in Sources */,
				D218182E1736E6C400C2FFA5 /* Replay.cpp in Sources */,
				D218182F1736E6C400C2FFA5 /* MainScene.cpp in Sources */,
				D21818301736E6C400C2FFA5 /* Graphics.cpp in Sources */,
				D21818311736E6C400C2FFA5 /* Shader.cpp in Sources */,
				D21818321736E6C400C2FFA5 /* Sprite.cpp in Sources */,
				D21818331736E6C400C2FFA5 /* SpriteBatch.cpp in Sources */,
				D21818341736E6C400C2FFA5 /* Texture.cpp in Sources */,
				D21818351736E6C400C2FFA5 /* VBO.cpp in Sources */,
				D21818361736E6C400C2FFA5 /* Vertex.cpp in Sources */,
				D21818371736E6C400C2FFA5 /* main.cpp in Sources */,
				D21818381736E6C400C2FFA5 /* fixed.cpp in Sources */,
				D21818391736E6C400C2FFA5 /* functions.cpp in Sources */,
				D218183A1736E6C400C2FFA5 /* Triangle.cpp in Sources */,
				D218183B1736E6C400C2FFA5 /* triangulate.cpp in Sources */,
				D218183C1736E6C400C2FFA5 /* Application.cpp in Sources */,
				D218183D1736E6C400C2FFA5 /* Clock.cpp in Sources */,
				D218183E1736E6C400C2FFA5 /* ios.mm in Sources */,
				D218183F1736E6C400C2FFA5 /* Keyboard.cpp in Sources */,
				D21818401736E6C400C2FFA5 /* Mouse.cpp in Sources */,
				D21818411736E6C400C2FFA5 /* Window.cpp in Sources */,
			);
			runOnlyForDeploymentPostprocessing = 0;
		};
/* End PBXSourcesBuildPhase section */

/* Begin PBXVariantGroup section */
		D231FB0F16EAA049003FCBAF /* InfoPlist.strings */ = {
			isa = PBXVariantGroup;
			children = (
				D231FB1016EAA049003FCBAF /* en */,
			);
			name = InfoPlist.strings;
			sourceTree = "<group>";
		};
/* End PBXVariantGroup section */

/* Begin XCBuildConfiguration section */
		D231FB1816EAA049003FCBAF /* Debug */ = {
			isa = XCBuildConfiguration;
			buildSettings = {
				ALWAYS_SEARCH_USER_PATHS = NO;
				ARCHS = "$(ARCHS_STANDARD_32_BIT)";
				CLANG_CXX_LANGUAGE_STANDARD = "gnu++0x";
				CLANG_WARN__DUPLICATE_METHOD_MATCH = YES;
				"CODE_SIGN_IDENTITY[sdk=iphoneos*]" = "iPhone Developer";
				COPY_PHASE_STRIP = NO;
				GCC_C_LANGUAGE_STANDARD = gnu99;
				GCC_DYNAMIC_NO_PIC = NO;
				GCC_OPTIMIZATION_LEVEL = 0;
				GCC_PREPROCESSOR_DEFINITIONS = (
					"DEBUG=1",
					"$(inherited)",
				);
				GCC_SYMBOLS_PRIVATE_EXTERN = NO;
				GCC_VERSION = com.apple.compilers.llvm.clang.1_0;
				GCC_WARN_ABOUT_RETURN_TYPE = YES;
				GCC_WARN_UNINITIALIZED_AUTOS = YES;
				GCC_WARN_UNUSED_VARIABLE = YES;
				IPHONEOS_DEPLOYMENT_TARGET = 5.1;
				SDKROOT = iphoneos;
			};
			name = Debug;
		};
		D231FB1916EAA049003FCBAF /* Release */ = {
			isa = XCBuildConfiguration;
			buildSettings = {
				ALWAYS_SEARCH_USER_PATHS = NO;
				ARCHS = "$(ARCHS_STANDARD_32_BIT)";
				CLANG_CXX_LANGUAGE_STANDARD = "gnu++0x";
				CLANG_WARN__DUPLICATE_METHOD_MATCH = YES;
				"CODE_SIGN_IDENTITY[sdk=iphoneos*]" = "iPhone Developer";
				COPY_PHASE_STRIP = YES;
				GCC_C_LANGUAGE_STANDARD = gnu99;
				GCC_VERSION = com.apple.compilers.llvm.clang.1_0;
				GCC_WARN_ABOUT_RETURN_TYPE = YES;
				GCC_WARN_UNINITIALIZED_AUTOS = YES;
				GCC_WARN_UNUSED_VARIABLE = YES;
				IPHONEOS_DEPLOYMENT_TARGET = 5.1;
				OTHER_CFLAGS = "-DNS_BLOCK_ASSERTIONS=1";
				SDKROOT = iphoneos;
				VALIDATE_PRODUCT = YES;
			};
			name = Release;
		};
		D231FB1B16EAA049003FCBAF /* Debug */ = {
			isa = XCBuildConfiguration;
			buildSettings = {
				"CODE_SIGN_IDENTITY[sdk=iphoneos*]" = "iPhone Developer";
				COMPRESS_PNG_FILES = NO;
				CONFIGURATION_BUILD_DIR = "$(BUILD_DIR)";
				CONFIGURATION_TEMP_DIR = "$(BUILD_DIR)/$(CONFIGURATION)";
				FRAMEWORK_SEARCH_PATHS = /Library/Frameworks;
				GCC_PRECOMPILE_PREFIX_HEADER = NO;
				GCC_PREFIX_HEADER = "";
				GCC_PREPROCESSOR_DEFINITIONS = IPHONE;
				GCC_VERSION = "";
				HEADER_SEARCH_PATHS = (
					../../src,
					../../dep/include,
				);
				INFOPLIST_FILE = "G13/G13-Info.plist";
				IPHONEOS_DEPLOYMENT_TARGET = 5.1;
				LIBRARY_SEARCH_PATHS = (
					"$(inherited)",
					/usr/local/Cellar/libpng/1.5.13/lib,
					"\"$(SRCROOT)/../../../libfixmath/libfixmath\"",
				);
				PRODUCT_NAME = "$(TARGET_NAME)";
				"PROVISIONING_PROFILE[sdk=iphoneos*]" = "";
				SYMROOT = ../../bin/ios;
				WRAPPER_EXTENSION = app;
			};
			name = Debug;
		};
		D231FB1C16EAA049003FCBAF /* Release */ = {
			isa = XCBuildConfiguration;
			buildSettings = {
				"CODE_SIGN_IDENTITY[sdk=iphoneos*]" = "iPhone Developer";
				COMPRESS_PNG_FILES = NO;
				CONFIGURATION_BUILD_DIR = "$(BUILD_DIR)";
				CONFIGURATION_TEMP_DIR = "$(BUILD_DIR)/$(CONFIGURATION)";
				FRAMEWORK_SEARCH_PATHS = /Library/Frameworks;
				GCC_PRECOMPILE_PREFIX_HEADER = NO;
				GCC_PREFIX_HEADER = "";
				GCC_PREPROCESSOR_DEFINITIONS = IPHONE;
				GCC_VERSION = "";
				HEADER_SEARCH_PATHS = (
					../../src,
					../../dep/include,
				);
				INFOPLIST_FILE = "G13/G13-Info.plist";
				IPHONEOS_DEPLOYMENT_TARGET = 5.1;
				LIBRARY_SEARCH_PATHS = (
					"$(inherited)",
					/usr/local/Cellar/libpng/1.5.13/lib,
					"\"$(SRCROOT)/../../../libfixmath/libfixmath\"",
				);
				PRODUCT_NAME = "$(TARGET_NAME)";
				"PROVISIONING_PROFILE[sdk=iphoneos*]" = "";
				SYMROOT = ../../bin/ios;
				WRAPPER_EXTENSION = app;
			};
			name = Release;
		};
/* End XCBuildConfiguration section */

/* Begin XCConfigurationList section */
		D231FAFC16EAA049003FCBAF /* Build configuration list for PBXProject "G13" */ = {
			isa = XCConfigurationList;
			buildConfigurations = (
				D231FB1816EAA049003FCBAF /* Debug */,
				D231FB1916EAA049003FCBAF /* Release */,
			);
			defaultConfigurationIsVisible = 0;
			defaultConfigurationName = Debug;
		};
		D231FB1A16EAA049003FCBAF /* Build configuration list for PBXNativeTarget "G13" */ = {
			isa = XCConfigurationList;
			buildConfigurations = (
				D231FB1B16EAA049003FCBAF /* Debug */,
				D231FB1C16EAA049003FCBAF /* Release */,
			);
			defaultConfigurationIsVisible = 0;
			defaultConfigurationName = Debug;
		};
/* End XCConfigurationList section */
	};
	rootObject = D231FAF916EAA049003FCBAF /* Project object */;
}
